{
  "version": 4,
  "terraform_version": "1.13.5",
  "serial": 56,
  "lineage": "8731906a-40d7-e275-6836-8dc5f1cfd1c6",
  "outputs": {},
  "resources": [
    {
      "mode": "data",
      "type": "archive_file",
      "name": "failover_lambda_zip",
      "provider": "provider[\"registry.terraform.io/hashicorp/archive\"]",
      "instances": [
        {
          "schema_version": 0,
          "attributes": {
            "exclude_symlink_directories": null,
            "excludes": null,
            "id": "41b76599ec5ca7dc761c89903e950495f91102dd",
            "output_base64sha256": "TItlZ6xgaAPUTyt0+r8bToBaU40vqCPzZmCHTdgjxhk=",
            "output_base64sha512": "Kdki1oFPhcOOTBkA4w8H1Ijm1VPouq9rw0SsClnaRS8NRKuBJ3zSfuXObFMp1CfR5EqHFkcSe0pnRyUZEFKzlQ==",
            "output_file_mode": null,
            "output_md5": "92850c4a0484223ad8ddbc7c9bf45af8",
            "output_path": "./../lambda.zip",
            "output_sha": "41b76599ec5ca7dc761c89903e950495f91102dd",
            "output_sha256": "4c8b6567ac606803d44f2b74fabf1b4e805a538d2fa823f36660874dd823c619",
            "output_sha512": "29d922d6814f85c38e4c1900e30f07d488e6d553e8baaf6bc344ac0a59da452f0d44ab81277cd27ee5ce6c5329d427d1e44a871647127b4a674725191052b395",
            "output_size": 1542,
            "source": [],
            "source_content": null,
            "source_content_filename": null,
            "source_dir": "./../lambda",
            "source_file": null,
            "type": "zip"
          },
          "sensitive_attributes": [],
          "identity_schema_version": 0
        }
      ]
    },
    {
      "mode": "data",
      "type": "aws_ami",
      "name": "amazon_linux_2023",
      "provider": "provider[\"registry.terraform.io/hashicorp/aws\"]",
      "instances": [
        {
          "schema_version": 0,
          "attributes": {
            "allow_unsafe_filter": null,
            "architecture": "x86_64",
            "arn": "arn:aws:ec2:us-east-1::image/ami-068c0051b15cdb816",
            "block_device_mappings": [
              {
                "device_name": "/dev/xvda",
                "ebs": {
                  "delete_on_termination": "true",
                  "encrypted": "false",
                  "iops": "3000",
                  "snapshot_id": "snap-066759fb992c28796",
                  "throughput": "125",
                  "volume_initialization_rate": "0",
                  "volume_size": "8",
                  "volume_type": "gp3"
                },
                "no_device": "",
                "virtual_name": ""
              }
            ],
            "boot_mode": "uefi-preferred",
            "creation_date": "2025-12-03T22:43:46.000Z",
            "deprecation_time": "2026-03-03T00:00:00.000Z",
            "description": "Amazon Linux 2023 AMI 2023.9.20251208.0 x86_64 HVM kernel-6.1",
            "ena_support": true,
            "executable_users": null,
            "filter": [
              {
                "name": "name",
                "values": [
                  "al2023-ami-2023.*-kernel-*-x86_64"
                ]
              },
              {
                "name": "virtualization-type",
                "values": [
                  "hvm"
                ]
              }
            ],
            "hypervisor": "xen",
            "id": "ami-068c0051b15cdb816",
            "image_id": "ami-068c0051b15cdb816",
            "image_location": "amazon/al2023-ami-2023.9.20251208.0-kernel-6.1-x86_64",
            "image_owner_alias": "amazon",
            "image_type": "machine",
            "imds_support": "v2.0",
            "include_deprecated": false,
            "kernel_id": "",
            "last_launched_time": "",
            "most_recent": true,
            "name": "al2023-ami-2023.9.20251208.0-kernel-6.1-x86_64",
            "name_regex": null,
            "owner_id": "137112412989",
            "owners": [
              "amazon"
            ],
            "platform": "",
            "platform_details": "Linux/UNIX",
            "product_codes": [],
            "public": true,
            "ramdisk_id": "",
            "region": "us-east-1",
            "root_device_name": "/dev/xvda",
            "root_device_type": "ebs",
            "root_snapshot_id": "snap-066759fb992c28796",
            "sriov_net_support": "simple",
            "state": "available",
            "state_reason": {
              "code": "UNSET",
              "message": "UNSET"
            },
            "tags": {},
            "timeouts": null,
            "tpm_support": "",
            "uefi_data": null,
            "usage_operation": "RunInstances",
            "virtualization_type": "hvm"
          },
          "sensitive_attributes": [],
          "identity_schema_version": 0
        }
      ]
    },
    {
      "mode": "data",
      "type": "aws_ami",
      "name": "amazon_linux_2023_dr",
      "provider": "provider[\"registry.terraform.io/hashicorp/aws\"].dr",
      "instances": [
        {
          "schema_version": 0,
          "attributes": {
            "allow_unsafe_filter": null,
            "architecture": "x86_64",
            "arn": "arn:aws:ec2:us-west-2::image/ami-0d8ff527aeca17d19",
            "block_device_mappings": [
              {
                "device_name": "/dev/xvda",
                "ebs": {
                  "delete_on_termination": "true",
                  "encrypted": "false",
                  "iops": "3000",
                  "snapshot_id": "snap-0ad6df2a6f248f22a",
                  "throughput": "125",
                  "volume_initialization_rate": "0",
                  "volume_size": "8",
                  "volume_type": "gp3"
                },
                "no_device": "",
                "virtual_name": ""
              }
            ],
            "boot_mode": "uefi-preferred",
            "creation_date": "2025-12-03T22:39:43.000Z",
            "deprecation_time": "2026-03-03T22:40:00.000Z",
            "description": "Amazon Linux 2023 AMI 2023.9.20251208.0 x86_64 HVM kernel-6.12",
            "ena_support": true,
            "executable_users": null,
            "filter": [
              {
                "name": "name",
                "values": [
                  "al2023-ami-2023.*-kernel-*-x86_64"
                ]
              },
              {
                "name": "virtualization-type",
                "values": [
                  "hvm"
                ]
              }
            ],
            "hypervisor": "xen",
            "id": "ami-0d8ff527aeca17d19",
            "image_id": "ami-0d8ff527aeca17d19",
            "image_location": "amazon/al2023-ami-2023.9.20251208.0-kernel-6.12-x86_64",
            "image_owner_alias": "amazon",
            "image_type": "machine",
            "imds_support": "v2.0",
            "include_deprecated": false,
            "kernel_id": "",
            "last_launched_time": "",
            "most_recent": true,
            "name": "al2023-ami-2023.9.20251208.0-kernel-6.12-x86_64",
            "name_regex": null,
            "owner_id": "137112412989",
            "owners": [
              "amazon"
            ],
            "platform": "",
            "platform_details": "Linux/UNIX",
            "product_codes": [],
            "public": true,
            "ramdisk_id": "",
            "region": "us-west-2",
            "root_device_name": "/dev/xvda",
            "root_device_type": "ebs",
            "root_snapshot_id": "snap-0ad6df2a6f248f22a",
            "sriov_net_support": "simple",
            "state": "available",
            "state_reason": {
              "code": "UNSET",
              "message": "UNSET"
            },
            "tags": {},
            "timeouts": null,
            "tpm_support": "",
            "uefi_data": null,
            "usage_operation": "RunInstances",
            "virtualization_type": "hvm"
          },
          "sensitive_attributes": [],
          "identity_schema_version": 0
        }
      ]
    },
    {
      "mode": "managed",
      "type": "aws_db_instance",
      "name": "primary_db",
      "provider": "provider[\"registry.terraform.io/hashicorp/aws\"].primary",
      "instances": [
        {
          "schema_version": 2,
          "attributes": {
            "address": "terraform-20251210192341338300000001.c8teascqq5z6.us-east-1.rds.amazonaws.com",
            "allocated_storage": 20,
            "allow_major_version_upgrade": null,
            "apply_immediately": false,
            "arn": "arn:aws:rds:us-east-1:380270640472:db:terraform-20251210192341338300000001",
            "auto_minor_version_upgrade": true,
            "availability_zone": "us-east-1c",
            "backup_retention_period": 7,
            "backup_target": "region",
            "backup_window": "05:58-06:28",
            "blue_green_update": [],
            "ca_cert_identifier": "rds-ca-rsa2048-g1",
            "character_set_name": "",
            "copy_tags_to_snapshot": false,
            "custom_iam_instance_profile": "",
            "customer_owned_ip_enabled": false,
            "database_insights_mode": "standard",
            "db_name": "primarydb",
            "db_subnet_group_name": "default",
            "dedicated_log_volume": false,
            "delete_automated_backups": true,
            "deletion_protection": false,
            "domain": "",
            "domain_auth_secret_arn": "",
            "domain_dns_ips": [],
            "domain_fqdn": "",
            "domain_iam_role_name": "",
            "domain_ou": "",
            "enabled_cloudwatch_logs_exports": [],
            "endpoint": "terraform-20251210192341338300000001.c8teascqq5z6.us-east-1.rds.amazonaws.com:5432",
            "engine": "postgres",
            "engine_lifecycle_support": "open-source-rds-extended-support",
            "engine_version": "17",
            "engine_version_actual": "17.6",
            "final_snapshot_identifier": null,
            "hosted_zone_id": "Z2R2ITUGPM61AM",
            "iam_database_authentication_enabled": false,
            "id": "db-RZVKLRGQFFOP4UEWDLQD4YBIJE",
            "identifier": "terraform-20251210192341338300000001",
            "identifier_prefix": "terraform-",
            "instance_class": "db.t3.micro",
            "iops": 0,
            "kms_key_id": "",
            "latest_restorable_time": "2025-12-11T02:24:33Z",
            "license_model": "postgresql-license",
            "listener_endpoint": [],
            "maintenance_window": "sat:09:47-sat:10:17",
            "manage_master_user_password": null,
            "master_user_secret": [],
            "master_user_secret_kms_key_id": null,
            "max_allocated_storage": 0,
            "monitoring_interval": 0,
            "monitoring_role_arn": "",
            "multi_az": false,
            "nchar_character_set_name": "",
            "network_type": "IPV4",
            "option_group_name": "default:postgres-17",
            "parameter_group_name": "default.postgres17",
            "password": "Password123",
            "password_wo": null,
            "password_wo_version": null,
            "performance_insights_enabled": false,
            "performance_insights_kms_key_id": "",
            "performance_insights_retention_period": 0,
            "port": 5432,
            "publicly_accessible": true,
            "region": "us-east-1",
            "replica_mode": "",
            "replicas": [],
            "replicate_source_db": "",
            "resource_id": "db-RZVKLRGQFFOP4UEWDLQD4YBIJE",
            "restore_to_point_in_time": [],
            "s3_import": [],
            "skip_final_snapshot": true,
            "snapshot_identifier": null,
            "status": "available",
            "storage_encrypted": false,
            "storage_throughput": 0,
            "storage_type": "gp2",
            "tags": {},
            "tags_all": {},
            "timeouts": null,
            "timezone": "",
            "upgrade_storage_config": null,
            "username": "adminuser",
            "vpc_security_group_ids": [
              "sg-084cfb78713a16dce"
            ]
          },
          "sensitive_attributes": [
            [
              {
                "type": "get_attr",
                "value": "password"
              }
            ],
            [
              {
                "type": "get_attr",
                "value": "password_wo"
              }
            ]
          ],
          "identity_schema_version": 0,
          "private": "eyJlMmJmYjczMC1lY2FhLTExZTYtOGY4OC0zNDM2M2JjN2M0YzAiOnsiY3JlYXRlIjozMDAwMDAwMDAwMDAwLCJkZWxldGUiOjM2MDAwMDAwMDAwMDAsInVwZGF0ZSI6NDgwMDAwMDAwMDAwMH0sInNjaGVtYV92ZXJzaW9uIjoiMiJ9"
        }
      ]
    },
    {
      "mode": "managed",
      "type": "aws_db_subnet_group",
      "name": "dr",
      "provider": "provider[\"registry.terraform.io/hashicorp/aws\"].dr",
      "instances": [
        {
          "schema_version": 0,
          "attributes": {
            "arn": "arn:aws:rds:us-west-2:380270640472:subgrp:dr-db-subnet-group",
            "description": "Managed by Terraform",
            "id": "dr-db-subnet-group",
            "name": "dr-db-subnet-group",
            "name_prefix": "",
            "region": "us-west-2",
            "subnet_ids": [
              "subnet-08400945726b86297",
              "subnet-0f4207b283a22f2fc"
            ],
            "supported_network_types": [
              "IPV4"
            ],
            "tags": {
              "Name": "DR DB Subnet Group"
            },
            "tags_all": {
              "Name": "DR DB Subnet Group"
            },
            "vpc_id": "vpc-07a113fc6466fd897"
          },
          "sensitive_attributes": [],
          "identity_schema_version": 0,
          "private": "bnVsbA==",
          "dependencies": [
            "aws_subnet.dr_private_a",
            "aws_subnet.dr_private_b",
            "aws_vpc.dr"
          ]
        }
      ]
    },
    {
      "mode": "managed",
      "type": "aws_iam_instance_profile",
      "name": "ec2_codedeploy_profile",
      "provider": "provider[\"registry.terraform.io/hashicorp/aws\"].primary",
      "instances": [
        {
          "schema_version": 0,
          "attributes": {
            "arn": "arn:aws:iam::380270640472:instance-profile/EC2CodeDeployInstanceProfile",
            "create_date": "2025-12-10T19:23:41Z",
            "id": "EC2CodeDeployInstanceProfile",
            "name": "EC2CodeDeployInstanceProfile",
            "name_prefix": "",
            "path": "/",
            "role": "EC2CodeDeployRole",
            "tags": {},
            "tags_all": {},
            "unique_id": "AIPAVRCPFPVMIR2UMR23Y"
          },
          "sensitive_attributes": [],
          "identity_schema_version": 0,
          "private": "bnVsbA==",
          "dependencies": [
            "aws_iam_role.ec2_codedeploy_role"
          ]
        }
      ]
    },
    {
      "mode": "managed",
      "type": "aws_iam_instance_profile",
      "name": "restore_host_profile",
      "provider": "provider[\"registry.terraform.io/hashicorp/aws\"].dr",
      "instances": [
        {
          "schema_version": 0,
          "attributes": {
            "arn": "arn:aws:iam::380270640472:instance-profile/RestoreHostInstanceProfile",
            "create_date": "2025-12-10T19:23:41Z",
            "id": "RestoreHostInstanceProfile",
            "name": "RestoreHostInstanceProfile",
            "name_prefix": "",
            "path": "/",
            "role": "RestoreHostRole",
            "tags": {},
            "tags_all": {},
            "unique_id": "AIPAVRCPFPVMOTB2ZVETC"
          },
          "sensitive_attributes": [],
          "identity_schema_version": 0,
          "private": "bnVsbA==",
          "dependencies": [
            "aws_iam_role.restore_host_role"
          ]
        }
      ]
    },
    {
      "mode": "managed",
      "type": "aws_iam_role",
      "name": "ec2_codedeploy_role",
      "provider": "provider[\"registry.terraform.io/hashicorp/aws\"].primary",
      "instances": [
        {
          "schema_version": 0,
          "attributes": {
            "arn": "arn:aws:iam::380270640472:role/EC2CodeDeployRole",
            "assume_role_policy": "{\"Statement\":[{\"Action\":\"sts:AssumeRole\",\"Effect\":\"Allow\",\"Principal\":{\"Service\":\"ec2.amazonaws.com\"}}],\"Version\":\"2012-10-17\"}",
            "create_date": "2025-12-10T19:23:41Z",
            "description": "",
            "force_detach_policies": false,
            "id": "EC2CodeDeployRole",
            "inline_policy": [],
            "managed_policy_arns": [
              "arn:aws:iam::380270640472:policy/S3DashboardReadPolicy",
              "arn:aws:iam::aws:policy/AdministratorAccess",
              "arn:aws:iam::aws:policy/service-role/AmazonEC2RoleforAWSCodeDeploy"
            ],
            "max_session_duration": 3600,
            "name": "EC2CodeDeployRole",
            "name_prefix": "",
            "path": "/",
            "permissions_boundary": "",
            "tags": {},
            "tags_all": {},
            "unique_id": "AROAVRCPFPVMJJPHJDRSM"
          },
          "sensitive_attributes": [],
          "identity_schema_version": 0,
          "identity": {
            "account_id": "380270640472",
            "name": "EC2CodeDeployRole"
          },
          "private": "bnVsbA=="
        }
      ]
    },
    {
      "mode": "managed",
      "type": "aws_iam_role",
      "name": "failover_lambda_role",
      "provider": "provider[\"registry.terraform.io/hashicorp/aws\"].primary",
      "instances": [
        {
          "schema_version": 0,
          "attributes": {
            "arn": "arn:aws:iam::380270640472:role/FailoverLambdaExecutionRole",
            "assume_role_policy": "{\"Statement\":[{\"Action\":\"sts:AssumeRole\",\"Effect\":\"Allow\",\"Principal\":{\"Service\":\"lambda.amazonaws.com\"}}],\"Version\":\"2012-10-17\"}",
            "create_date": "2025-12-10T19:23:41Z",
            "description": "",
            "force_detach_policies": false,
            "id": "FailoverLambdaExecutionRole",
            "inline_policy": [],
            "managed_policy_arns": [
              "arn:aws:iam::aws:policy/AmazonEC2FullAccess",
              "arn:aws:iam::aws:policy/AmazonRDSFullAccess",
              "arn:aws:iam::aws:policy/AmazonRoute53FullAccess",
              "arn:aws:iam::aws:policy/AmazonSSMFullAccess",
              "arn:aws:iam::aws:policy/service-role/AWSLambdaBasicExecutionRole"
            ],
            "max_session_duration": 3600,
            "name": "FailoverLambdaExecutionRole",
            "name_prefix": "",
            "path": "/",
            "permissions_boundary": "",
            "tags": {},
            "tags_all": {},
            "unique_id": "AROAVRCPFPVMHVLBEPH5J"
          },
          "sensitive_attributes": [],
          "identity_schema_version": 0,
          "identity": {
            "account_id": "380270640472",
            "name": "FailoverLambdaExecutionRole"
          },
          "private": "bnVsbA=="
        }
      ]
    },
    {
      "mode": "managed",
      "type": "aws_iam_role",
      "name": "failover_lambda_role_dr",
      "provider": "provider[\"registry.terraform.io/hashicorp/aws\"].dr",
      "instances": [
        {
          "schema_version": 0,
          "attributes": {
            "arn": "arn:aws:iam::380270640472:role/FailoverLambdaExecutionRole-DR",
            "assume_role_policy": "{\"Statement\":[{\"Action\":\"sts:AssumeRole\",\"Effect\":\"Allow\",\"Principal\":{\"Service\":\"lambda.amazonaws.com\"}}],\"Version\":\"2012-10-17\"}",
            "create_date": "2025-12-11T00:53:26Z",
            "description": "",
            "force_detach_policies": false,
            "id": "FailoverLambdaExecutionRole-DR",
            "inline_policy": [],
            "managed_policy_arns": [
              "arn:aws:iam::aws:policy/AmazonRDSFullAccess",
              "arn:aws:iam::aws:policy/AmazonRoute53FullAccess",
              "arn:aws:iam::aws:policy/service-role/AWSLambdaBasicExecutionRole"
            ],
            "max_session_duration": 3600,
            "name": "FailoverLambdaExecutionRole-DR",
            "name_prefix": "",
            "path": "/",
            "permissions_boundary": "",
            "tags": {},
            "tags_all": {},
            "unique_id": "AROAVRCPFPVMNNPNSTA5D"
          },
          "sensitive_attributes": [],
          "identity_schema_version": 0,
          "identity": {
            "account_id": "380270640472",
            "name": "FailoverLambdaExecutionRole-DR"
          },
          "private": "bnVsbA=="
        }
      ]
    },
    {
      "mode": "managed",
      "type": "aws_iam_role",
      "name": "restore_host_role",
      "provider": "provider[\"registry.terraform.io/hashicorp/aws\"].dr",
      "instances": [
        {
          "schema_version": 0,
          "attributes": {
            "arn": "arn:aws:iam::380270640472:role/RestoreHostRole",
            "assume_role_policy": "{\"Statement\":[{\"Action\":\"sts:AssumeRole\",\"Effect\":\"Allow\",\"Principal\":{\"Service\":\"ec2.amazonaws.com\"}}],\"Version\":\"2012-10-17\"}",
            "create_date": "2025-12-10T19:23:40Z",
            "description": "",
            "force_detach_policies": false,
            "id": "RestoreHostRole",
            "inline_policy": [
              {
                "name": "dbPerm",
                "policy": "{\"Version\":\"2012-10-17\",\"Statement\":[{\"Action\":[\"rds:CreateDBInstance\",\"rds:DeleteDBInstance\",\"rds:DescribeDBInstances\",\"rds:RestoreDBInstanceFromDBSnapshot\",\"rds:ModifyDBInstance\",\"rds:AddTagsToResource\",\"rds:ListTagsForResource\"],\"Effect\":\"Allow\",\"Resource\":\"*\"}]}"
              }
            ],
            "managed_policy_arns": [
              "arn:aws:iam::380270640472:policy/RestoreHostS3ReadPolicy",
              "arn:aws:iam::aws:policy/AmazonRDSFullAccess",
              "arn:aws:iam::aws:policy/AmazonSSMManagedInstanceCore"
            ],
            "max_session_duration": 3600,
            "name": "RestoreHostRole",
            "name_prefix": "",
            "path": "/",
            "permissions_boundary": "",
            "tags": {},
            "tags_all": {},
            "unique_id": "AROAVRCPFPVMDMD7WETLY"
          },
          "sensitive_attributes": [],
          "identity_schema_version": 0,
          "identity": {
            "account_id": "380270640472",
            "name": "RestoreHostRole"
          },
          "private": "bnVsbA=="
        }
      ]
    },
    {
      "mode": "managed",
      "type": "aws_iam_role",
      "name": "step_function_role",
      "provider": "provider[\"registry.terraform.io/hashicorp/aws\"].primary",
      "instances": [
        {
          "schema_version": 0,
          "attributes": {
            "arn": "arn:aws:iam::380270640472:role/FailoverStepFunctionRole",
            "assume_role_policy": "{\"Statement\":[{\"Action\":\"sts:AssumeRole\",\"Effect\":\"Allow\",\"Principal\":{\"Service\":\"states.amazonaws.com\"}}],\"Version\":\"2012-10-17\"}",
            "create_date": "2025-12-10T19:23:41Z",
            "description": "",
            "force_detach_policies": false,
            "id": "FailoverStepFunctionRole",
            "inline_policy": [
              {
                "name": "FailoverStepFunctionPolicy",
                "policy": "{\"Version\":\"2012-10-17\",\"Statement\":[{\"Action\":\"lambda:InvokeFunction\",\"Effect\":\"Allow\",\"Resource\":[\"arn:aws:lambda:us-east-1:380270640472:function:provision-new-rds-instance\",\"arn:aws:lambda:us-east-1:380270640472:function:check-rds-status\",\"arn:aws:lambda:us-east-1:380270640472:function:update-dns-record\"]},{\"Action\":\"iam:PassRole\",\"Effect\":\"Allow\",\"Resource\":\"arn:aws:iam::380270640472:role/RestoreHostRole\",\"Sid\":\"AllowPassRoleToSsm\"},{\"Action\":\"ssm:SendCommand\",\"Condition\":{\"StringEquals\":{\"iam:AssociatedInstanceProfile\":\"arn:aws:iam::380270640472:instance-profile/RestoreHostInstanceProfile\"}},\"Effect\":\"Allow\",\"Resource\":[\"arn:aws:ec2:us-west-2:380270640472:instance/*\",\"arn:aws:ssm:us-west-2::document/AWS-RunShellScript\"],\"Sid\":\"AllowSsmSendCommand\"}]}"
              }
            ],
            "managed_policy_arns": [
              "arn:aws:iam::aws:policy/AdministratorAccess"
            ],
            "max_session_duration": 3600,
            "name": "FailoverStepFunctionRole",
            "name_prefix": "",
            "path": "/",
            "permissions_boundary": "",
            "tags": {},
            "tags_all": {},
            "unique_id": "AROAVRCPFPVMLXWXYJMG7"
          },
          "sensitive_attributes": [],
          "identity_schema_version": 0,
          "identity": {
            "account_id": "380270640472",
            "name": "FailoverStepFunctionRole"
          },
          "private": "bnVsbA=="
        }
      ]
    },
    {
      "mode": "managed",
      "type": "aws_iam_role",
      "name": "step_function_role_dr",
      "provider": "provider[\"registry.terraform.io/hashicorp/aws\"].dr",
      "instances": [
        {
          "schema_version": 0,
          "attributes": {
            "arn": "arn:aws:iam::380270640472:role/FailoverStepFunctionRole-DR",
            "assume_role_policy": "{\"Statement\":[{\"Action\":\"sts:AssumeRole\",\"Effect\":\"Allow\",\"Principal\":{\"Service\":\"states.amazonaws.com\"}}],\"Version\":\"2012-10-17\"}",
            "create_date": "2025-12-10T21:33:15Z",
            "description": "",
            "force_detach_policies": false,
            "id": "FailoverStepFunctionRole-DR",
            "inline_policy": [
              {
                "name": "FailoverStepFunctionPolicy-DR",
                "policy": "{\"Version\":\"2012-10-17\",\"Statement\":[{\"Action\":\"iam:PassRole\",\"Effect\":\"Allow\",\"Resource\":\"arn:aws:iam::380270640472:role/RestoreHostRole\",\"Sid\":\"AllowPassRoleToSsmForEc2\"},{\"Action\":\"ssm:SendCommand\",\"Condition\":{\"StringEquals\":{\"iam:AssociatedInstanceProfile\":\"arn:aws:iam::380270640472:instance-profile/RestoreHostInstanceProfile\"}},\"Effect\":\"Allow\",\"Resource\":[\"arn:aws:ec2:us-west-2:380270640472:instance/*\",\"arn:aws:ssm:us-west-2::document/AWS-RunShellScript\"],\"Sid\":\"AllowSsmSendCommand\"},{\"Action\":\"ssm:GetCommandInvocation\",\"Effect\":\"Allow\",\"Resource\":\"*\",\"Sid\":\"AllowSsmGetCommandInvocation\"},{\"Action\":\"ec2:TerminateInstances\",\"Condition\":{\"StringEquals\":{\"ec2:ResourceTag/Name\":\"Restore-Host\"}},\"Effect\":\"Allow\",\"Resource\":\"*\",\"Sid\":\"AllowEc2Termination\"},{\"Action\":\"lambda:InvokeFunction\",\"Effect\":\"Allow\",\"Resource\":[\"arn:aws:lambda:us-east-1:380270640472:function:update-dns-record\",\"arn:aws:lambda:us-west-2:380270640472:function:update-dns-record-dr\"],\"Sid\":\"AllowLambdaInvocation\"}]}"
              }
            ],
            "managed_policy_arns": [
              "arn:aws:iam::aws:policy/AdministratorAccess"
            ],
            "max_session_duration": 3600,
            "name": "FailoverStepFunctionRole-DR",
            "name_prefix": "",
            "path": "/",
            "permissions_boundary": "",
            "tags": {},
            "tags_all": {},
            "unique_id": "AROAVRCPFPVMPRJBSKRKB"
          },
          "sensitive_attributes": [],
          "identity_schema_version": 0,
          "identity": {
            "account_id": "380270640472",
            "name": "FailoverStepFunctionRole-DR"
          },
          "private": "bnVsbA=="
        }
      ]
    },
    {
      "mode": "managed",
      "type": "aws_instance",
      "name": "backend_server",
      "provider": "provider[\"registry.terraform.io/hashicorp/aws\"].primary",
      "instances": [
        {
          "schema_version": 2,
          "attributes": {
            "ami": "ami-068c0051b15cdb816",
            "arn": "arn:aws:ec2:us-east-1:380270640472:instance/i-0c0202b3e2fa05141",
            "associate_public_ip_address": true,
            "availability_zone": "us-east-1a",
            "capacity_reservation_specification": [
              {
                "capacity_reservation_preference": "open",
                "capacity_reservation_target": []
              }
            ],
            "cpu_options": [
              {
                "amd_sev_snp": "",
                "core_count": 1,
                "threads_per_core": 1
              }
            ],
            "credit_specification": [
              {
                "cpu_credits": "standard"
              }
            ],
            "disable_api_stop": false,
            "disable_api_termination": false,
            "ebs_block_device": [],
            "ebs_optimized": false,
            "enable_primary_ipv6": null,
            "enclave_options": [
              {
                "enabled": false
              }
            ],
            "ephemeral_block_device": [],
            "force_destroy": false,
            "get_password_data": false,
            "hibernation": false,
            "host_id": "",
            "host_resource_group_arn": null,
            "iam_instance_profile": "EC2CodeDeployInstanceProfile",
            "id": "i-0c0202b3e2fa05141",
            "instance_initiated_shutdown_behavior": "stop",
            "instance_lifecycle": "",
            "instance_market_options": [],
            "instance_state": "running",
            "instance_type": "t2.micro",
            "ipv6_address_count": 0,
            "ipv6_addresses": [],
            "key_name": "barrios-key-pair",
            "launch_template": [],
            "maintenance_options": [
              {
                "auto_recovery": "default"
              }
            ],
            "metadata_options": [
              {
                "http_endpoint": "enabled",
                "http_protocol_ipv6": "disabled",
                "http_put_response_hop_limit": 2,
                "http_tokens": "required",
                "instance_metadata_tags": "disabled"
              }
            ],
            "monitoring": false,
            "network_interface": [],
            "outpost_arn": "",
            "password_data": "",
            "placement_group": "",
            "placement_group_id": "",
            "placement_partition_number": 0,
            "primary_network_interface": [
              {
                "delete_on_termination": true,
                "network_interface_id": "eni-077c1660ef4c6a73c"
              }
            ],
            "primary_network_interface_id": "eni-077c1660ef4c6a73c",
            "private_dns": "ip-10-0-1-247.ec2.internal",
            "private_dns_name_options": [
              {
                "enable_resource_name_dns_a_record": false,
                "enable_resource_name_dns_aaaa_record": false,
                "hostname_type": "ip-name"
              }
            ],
            "private_ip": "10.0.1.247",
            "public_dns": "",
            "public_ip": "18.234.139.131",
            "region": "us-east-1",
            "root_block_device": [
              {
                "delete_on_termination": true,
                "device_name": "/dev/xvda",
                "encrypted": false,
                "iops": 3000,
                "kms_key_id": "",
                "tags": {},
                "tags_all": {},
                "throughput": 125,
                "volume_id": "vol-0d884b91bc06c20e2",
                "volume_size": 8,
                "volume_type": "gp3"
              }
            ],
            "secondary_private_ips": [],
            "security_groups": [],
            "source_dest_check": true,
            "spot_instance_request_id": "",
            "subnet_id": "subnet-03eeb60bbf4a9cea9",
            "tags": {
              "Name": "Backend-Server"
            },
            "tags_all": {
              "Name": "Backend-Server"
            },
            "tenancy": "default",
            "timeouts": null,
            "user_data": "#!/bin/bash\n# This script runs on the first boot of the EC2 instances.\n\n# --- Update the system and install necessary packages ---\nsudo yum update -y\nsudo yum install -y ruby wget nginx python3-pip # Install Nginx, Python tools, and others\n\n# --- Configure and start Nginx (for the frontend server) ---\n# This is needed so the frontend server can serve the React app.\nsudo systemctl start nginx\nsudo systemctl enable nginx\n\n# --- Install the AWS CodeDeploy Agent ---\n# This agent is required for the CI/CD pipeline to deploy code to the instance.\ncd /home/ec2-user\n# Download the installer script for the correct region\nwget https://aws-codedeploy-us-east-1.s3.us-east-1.amazonaws.com/latest/install\nchmod +x ./install\n\n# Run the installer\nsudo ./install auto\n\n# Start the CodeDeploy agent service and ensure it runs on boot\nsudo systemctl start codedeploy-agent\nsudo systemctl enable codedeploy-agent\n\n# (Optional) Check the status to make sure it's running\nsudo systemctl status codedeploy-agent",
            "user_data_base64": null,
            "user_data_replace_on_change": false,
            "volume_tags": null,
            "vpc_security_group_ids": [
              "sg-03e01aa3431b39c00"
            ]
          },
          "sensitive_attributes": [],
          "identity_schema_version": 0,
          "identity": {
            "account_id": "380270640472",
            "id": "i-0c0202b3e2fa05141",
            "region": "us-east-1"
          },
          "private": "eyJlMmJmYjczMC1lY2FhLTExZTYtOGY4OC0zNDM2M2JjN2M0YzAiOnsiY3JlYXRlIjo2MDAwMDAwMDAwMDAsImRlbGV0ZSI6MTIwMDAwMDAwMDAwMCwicmVhZCI6OTAwMDAwMDAwMDAwLCJ1cGRhdGUiOjYwMDAwMDAwMDAwMH0sInNjaGVtYV92ZXJzaW9uIjoiMiJ9",
          "dependencies": [
            "aws_iam_instance_profile.ec2_codedeploy_profile",
            "aws_iam_role.ec2_codedeploy_role",
            "aws_security_group.alb_sg_primary",
            "aws_security_group.ec2_sg_primary",
            "aws_subnet.primary_public_a",
            "aws_vpc.primary",
            "data.aws_ami.amazon_linux_2023"
          ]
        }
      ]
    },
    {
      "mode": "managed",
      "type": "aws_instance",
      "name": "frontend_server",
      "provider": "provider[\"registry.terraform.io/hashicorp/aws\"].primary",
      "instances": [
        {
          "schema_version": 2,
          "attributes": {
            "ami": "ami-068c0051b15cdb816",
            "arn": "arn:aws:ec2:us-east-1:380270640472:instance/i-0f737a3f8e433c8cf",
            "associate_public_ip_address": true,
            "availability_zone": "us-east-1b",
            "capacity_reservation_specification": [
              {
                "capacity_reservation_preference": "open",
                "capacity_reservation_target": []
              }
            ],
            "cpu_options": [
              {
                "amd_sev_snp": "",
                "core_count": 1,
                "threads_per_core": 1
              }
            ],
            "credit_specification": [
              {
                "cpu_credits": "standard"
              }
            ],
            "disable_api_stop": false,
            "disable_api_termination": false,
            "ebs_block_device": [],
            "ebs_optimized": false,
            "enable_primary_ipv6": null,
            "enclave_options": [
              {
                "enabled": false
              }
            ],
            "ephemeral_block_device": [],
            "force_destroy": false,
            "get_password_data": false,
            "hibernation": false,
            "host_id": "",
            "host_resource_group_arn": null,
            "iam_instance_profile": "EC2CodeDeployInstanceProfile",
            "id": "i-0f737a3f8e433c8cf",
            "instance_initiated_shutdown_behavior": "stop",
            "instance_lifecycle": "",
            "instance_market_options": [],
            "instance_state": "running",
            "instance_type": "t2.micro",
            "ipv6_address_count": 0,
            "ipv6_addresses": [],
            "key_name": "barrios-key-pair",
            "launch_template": [],
            "maintenance_options": [
              {
                "auto_recovery": "default"
              }
            ],
            "metadata_options": [
              {
                "http_endpoint": "enabled",
                "http_protocol_ipv6": "disabled",
                "http_put_response_hop_limit": 2,
                "http_tokens": "required",
                "instance_metadata_tags": "disabled"
              }
            ],
            "monitoring": false,
            "network_interface": [],
            "outpost_arn": "",
            "password_data": "",
            "placement_group": "",
            "placement_group_id": "",
            "placement_partition_number": 0,
            "primary_network_interface": [
              {
                "delete_on_termination": true,
                "network_interface_id": "eni-05b97a4ec8ab37a3c"
              }
            ],
            "primary_network_interface_id": "eni-05b97a4ec8ab37a3c",
            "private_dns": "ip-10-0-2-164.ec2.internal",
            "private_dns_name_options": [
              {
                "enable_resource_name_dns_a_record": false,
                "enable_resource_name_dns_aaaa_record": false,
                "hostname_type": "ip-name"
              }
            ],
            "private_ip": "10.0.2.164",
            "public_dns": "",
            "public_ip": "35.175.137.7",
            "region": "us-east-1",
            "root_block_device": [
              {
                "delete_on_termination": true,
                "device_name": "/dev/xvda",
                "encrypted": false,
                "iops": 3000,
                "kms_key_id": "",
                "tags": {},
                "tags_all": {},
                "throughput": 125,
                "volume_id": "vol-0d20705d46cd1a7fb",
                "volume_size": 8,
                "volume_type": "gp3"
              }
            ],
            "secondary_private_ips": [],
            "security_groups": [],
            "source_dest_check": true,
            "spot_instance_request_id": "",
            "subnet_id": "subnet-0d877d81136390ef9",
            "tags": {
              "Name": "Frontend-Server"
            },
            "tags_all": {
              "Name": "Frontend-Server"
            },
            "tenancy": "default",
            "timeouts": null,
            "user_data": "#!/bin/bash\n# This script runs on the first boot of the EC2 instances.\n\n# --- Update the system and install necessary packages ---\nsudo yum update -y\nsudo yum install -y ruby wget nginx python3-pip # Install Nginx, Python tools, and others\n\n# --- Configure and start Nginx (for the frontend server) ---\n# This is needed so the frontend server can serve the React app.\nsudo systemctl start nginx\nsudo systemctl enable nginx\n\n# --- Install the AWS CodeDeploy Agent ---\n# This agent is required for the CI/CD pipeline to deploy code to the instance.\ncd /home/ec2-user\n# Download the installer script for the correct region\nwget https://aws-codedeploy-us-east-1.s3.us-east-1.amazonaws.com/latest/install\nchmod +x ./install\n\n# Run the installer\nsudo ./install auto\n\n# Start the CodeDeploy agent service and ensure it runs on boot\nsudo systemctl start codedeploy-agent\nsudo systemctl enable codedeploy-agent\n\n# (Optional) Check the status to make sure it's running\nsudo systemctl status codedeploy-agent",
            "user_data_base64": null,
            "user_data_replace_on_change": false,
            "volume_tags": null,
            "vpc_security_group_ids": [
              "sg-03e01aa3431b39c00"
            ]
          },
          "sensitive_attributes": [],
          "identity_schema_version": 0,
          "identity": {
            "account_id": "380270640472",
            "id": "i-0f737a3f8e433c8cf",
            "region": "us-east-1"
          },
          "private": "eyJlMmJmYjczMC1lY2FhLTExZTYtOGY4OC0zNDM2M2JjN2M0YzAiOnsiY3JlYXRlIjo2MDAwMDAwMDAwMDAsImRlbGV0ZSI6MTIwMDAwMDAwMDAwMCwicmVhZCI6OTAwMDAwMDAwMDAwLCJ1cGRhdGUiOjYwMDAwMDAwMDAwMH0sInNjaGVtYV92ZXJzaW9uIjoiMiJ9",
          "dependencies": [
            "aws_iam_instance_profile.ec2_codedeploy_profile",
            "aws_iam_role.ec2_codedeploy_role",
            "aws_security_group.alb_sg_primary",
            "aws_security_group.ec2_sg_primary",
            "aws_subnet.primary_public_b",
            "aws_vpc.primary",
            "data.aws_ami.amazon_linux_2023"
          ]
        }
      ]
    },
    {
      "mode": "managed",
      "type": "aws_instance",
      "name": "restore_host",
      "provider": "provider[\"registry.terraform.io/hashicorp/aws\"].dr",
      "instances": [
        {
          "schema_version": 2,
          "attributes": {
            "ami": "ami-0d8ff527aeca17d19",
            "arn": "arn:aws:ec2:us-west-2:380270640472:instance/i-0652d033b53efb5a8",
            "associate_public_ip_address": true,
            "availability_zone": "us-west-2a",
            "capacity_reservation_specification": [
              {
                "capacity_reservation_preference": "open",
                "capacity_reservation_target": []
              }
            ],
            "cpu_options": [
              {
                "amd_sev_snp": "",
                "core_count": 1,
                "threads_per_core": 1
              }
            ],
            "credit_specification": [
              {
                "cpu_credits": "standard"
              }
            ],
            "disable_api_stop": false,
            "disable_api_termination": false,
            "ebs_block_device": [],
            "ebs_optimized": false,
            "enable_primary_ipv6": null,
            "enclave_options": [
              {
                "enabled": false
              }
            ],
            "ephemeral_block_device": [],
            "force_destroy": false,
            "get_password_data": false,
            "hibernation": false,
            "host_id": "",
            "host_resource_group_arn": null,
            "iam_instance_profile": "RestoreHostInstanceProfile",
            "id": "i-0652d033b53efb5a8",
            "instance_initiated_shutdown_behavior": "stop",
            "instance_lifecycle": "",
            "instance_market_options": [],
            "instance_state": "running",
            "instance_type": "t2.micro",
            "ipv6_address_count": 0,
            "ipv6_addresses": [],
            "key_name": "barrios-key-pair",
            "launch_template": [],
            "maintenance_options": [
              {
                "auto_recovery": "default"
              }
            ],
            "metadata_options": [
              {
                "http_endpoint": "enabled",
                "http_protocol_ipv6": "disabled",
                "http_put_response_hop_limit": 2,
                "http_tokens": "required",
                "instance_metadata_tags": "disabled"
              }
            ],
            "monitoring": false,
            "network_interface": [],
            "outpost_arn": "",
            "password_data": "",
            "placement_group": "",
            "placement_group_id": "",
            "placement_partition_number": 0,
            "primary_network_interface": [
              {
                "delete_on_termination": true,
                "network_interface_id": "eni-0b8701e9d7d6d1662"
              }
            ],
            "primary_network_interface_id": "eni-0b8701e9d7d6d1662",
            "private_dns": "ip-10-1-1-105.us-west-2.compute.internal",
            "private_dns_name_options": [
              {
                "enable_resource_name_dns_a_record": false,
                "enable_resource_name_dns_aaaa_record": false,
                "hostname_type": "ip-name"
              }
            ],
            "private_ip": "10.1.1.105",
            "public_dns": "ec2-44-242-190-108.us-west-2.compute.amazonaws.com",
            "public_ip": "44.242.190.108",
            "region": "us-west-2",
            "root_block_device": [
              {
                "delete_on_termination": true,
                "device_name": "/dev/xvda",
                "encrypted": false,
                "iops": 3000,
                "kms_key_id": "",
                "tags": {},
                "tags_all": {},
                "throughput": 125,
                "volume_id": "vol-05eb8c89d92483147",
                "volume_size": 8,
                "volume_type": "gp3"
              }
            ],
            "secondary_private_ips": [],
            "security_groups": [],
            "source_dest_check": true,
            "spot_instance_request_id": "",
            "subnet_id": "subnet-0ebcb0f3d567d2002",
            "tags": {
              "Name": "Restore-Host"
            },
            "tags_all": {
              "Name": "Restore-Host"
            },
            "tenancy": "default",
            "timeouts": null,
            "user_data": null,
            "user_data_base64": null,
            "user_data_replace_on_change": false,
            "volume_tags": null,
            "vpc_security_group_ids": [
              "sg-0079a686cb25d0674"
            ]
          },
          "sensitive_attributes": [],
          "identity_schema_version": 0,
          "identity": {
            "account_id": "380270640472",
            "id": "i-0652d033b53efb5a8",
            "region": "us-west-2"
          },
          "private": "eyJlMmJmYjczMC1lY2FhLTExZTYtOGY4OC0zNDM2M2JjN2M0YzAiOnsiY3JlYXRlIjo2MDAwMDAwMDAwMDAsImRlbGV0ZSI6MTIwMDAwMDAwMDAwMCwicmVhZCI6OTAwMDAwMDAwMDAwLCJ1cGRhdGUiOjYwMDAwMDAwMDAwMH0sInNjaGVtYV92ZXJzaW9uIjoiMiJ9",
          "dependencies": [
            "aws_iam_instance_profile.restore_host_profile",
            "aws_iam_role.restore_host_role",
            "aws_security_group.ec2_sg_dr",
            "aws_subnet.dr_public_a",
            "aws_vpc.dr",
            "data.aws_ami.amazon_linux_2023_dr"
          ]
        }
      ]
    },
    {
      "mode": "managed",
      "type": "aws_internet_gateway",
      "name": "dr_gw",
      "provider": "provider[\"registry.terraform.io/hashicorp/aws\"].dr",
      "instances": [
        {
          "schema_version": 0,
          "attributes": {
            "arn": "arn:aws:ec2:us-west-2:380270640472:internet-gateway/igw-0d6dd515eda604071",
            "id": "igw-0d6dd515eda604071",
            "owner_id": "380270640472",
            "region": "us-west-2",
            "tags": {
              "Name": "dr-igw"
            },
            "tags_all": {
              "Name": "dr-igw"
            },
            "timeouts": null,
            "vpc_id": "vpc-07a113fc6466fd897"
          },
          "sensitive_attributes": [],
          "identity_schema_version": 0,
          "private": "eyJlMmJmYjczMC1lY2FhLTExZTYtOGY4OC0zNDM2M2JjN2M0YzAiOnsiY3JlYXRlIjoxMjAwMDAwMDAwMDAwLCJkZWxldGUiOjEyMDAwMDAwMDAwMDAsInVwZGF0ZSI6MTIwMDAwMDAwMDAwMH19",
          "dependencies": [
            "aws_vpc.dr"
          ]
        }
      ]
    },
    {
      "mode": "managed",
      "type": "aws_internet_gateway",
      "name": "primary_gw",
      "provider": "provider[\"registry.terraform.io/hashicorp/aws\"].primary",
      "instances": [
        {
          "schema_version": 0,
          "attributes": {
            "arn": "arn:aws:ec2:us-east-1:380270640472:internet-gateway/igw-085bfd39c653afb5d",
            "id": "igw-085bfd39c653afb5d",
            "owner_id": "380270640472",
            "region": "us-east-1",
            "tags": {
              "Name": "primary-igw"
            },
            "tags_all": {
              "Name": "primary-igw"
            },
            "timeouts": null,
            "vpc_id": "vpc-08432e03696833950"
          },
          "sensitive_attributes": [],
          "identity_schema_version": 0,
          "private": "eyJlMmJmYjczMC1lY2FhLTExZTYtOGY4OC0zNDM2M2JjN2M0YzAiOnsiY3JlYXRlIjoxMjAwMDAwMDAwMDAwLCJkZWxldGUiOjEyMDAwMDAwMDAwMDAsInVwZGF0ZSI6MTIwMDAwMDAwMDAwMH19",
          "dependencies": [
            "aws_vpc.primary"
          ]
        }
      ]
    },
    {
      "mode": "managed",
      "type": "aws_lambda_function",
      "name": "update_dns_lambda",
      "provider": "provider[\"registry.terraform.io/hashicorp/aws\"].primary",
      "instances": [
        {
          "schema_version": 0,
          "attributes": {
            "architectures": [
              "x86_64"
            ],
            "arn": "arn:aws:lambda:us-east-1:380270640472:function:update-dns-record",
            "capacity_provider_config": [],
            "code_sha256": "WpkkyEoh59Ix7ny1E1QZEimvnFwf6N14QKXKiGeAppY=",
            "code_signing_config_arn": "",
            "dead_letter_config": [],
            "description": "",
            "durable_config": [],
            "environment": [
              {
                "variables": {
                  "DNS_RECORD_NAME": "app.yourdomain.com",
                  "DR_ALB_DNS_NAME": "dr-app-lb-1804557247.us-west-2.elb.amazonaws.com",
                  "DR_ALB_ZONE_ID": "Z1H1FL5HABSF5",
                  "ROUTE53_HOSTED_ZONE_ID": "YOUR_HOSTED_ZONE_ID"
                }
              }
            ],
            "ephemeral_storage": [
              {
                "size": 512
              }
            ],
            "file_system_config": [],
            "filename": "./../lambda.zip",
            "function_name": "update-dns-record",
            "handler": "failover_orchestrator.update_dns_record",
            "id": "update-dns-record",
            "image_config": [],
            "image_uri": "",
            "invoke_arn": "arn:aws:apigateway:us-east-1:lambda:path/2015-03-31/functions/arn:aws:lambda:us-east-1:380270640472:function:update-dns-record/invocations",
            "kms_key_arn": "",
            "last_modified": "2025-12-10T19:27:08.858+0000",
            "layers": [],
            "logging_config": [
              {
                "application_log_level": "",
                "log_format": "Text",
                "log_group": "/aws/lambda/update-dns-record",
                "system_log_level": ""
              }
            ],
            "memory_size": 128,
            "package_type": "Zip",
            "publish": false,
            "publish_to": null,
            "qualified_arn": "arn:aws:lambda:us-east-1:380270640472:function:update-dns-record:$LATEST",
            "qualified_invoke_arn": "arn:aws:apigateway:us-east-1:lambda:path/2015-03-31/functions/arn:aws:lambda:us-east-1:380270640472:function:update-dns-record:$LATEST/invocations",
            "region": "us-east-1",
            "replace_security_groups_on_destroy": null,
            "replacement_security_group_ids": null,
            "reserved_concurrent_executions": -1,
            "role": "arn:aws:iam::380270640472:role/FailoverLambdaExecutionRole",
            "runtime": "python3.9",
            "s3_bucket": null,
            "s3_key": null,
            "s3_object_version": null,
            "signing_job_arn": "",
            "signing_profile_version_arn": "",
            "skip_destroy": false,
            "snap_start": [],
            "source_code_hash": "",
            "source_code_size": 1753,
            "source_kms_key_arn": "",
            "tags": {},
            "tags_all": {},
            "tenancy_config": [],
            "timeout": 30,
            "timeouts": null,
            "tracing_config": [
              {
                "mode": "PassThrough"
              }
            ],
            "version": "$LATEST",
            "vpc_config": []
          },
          "sensitive_attributes": [],
          "identity_schema_version": 0,
          "identity": {
            "account_id": "380270640472",
            "function_name": "update-dns-record",
            "region": "us-east-1"
          },
          "private": "eyJlMmJmYjczMC1lY2FhLTExZTYtOGY4OC0zNDM2M2JjN2M0YzAiOnsiY3JlYXRlIjo2MDAwMDAwMDAwMDAsImRlbGV0ZSI6NjAwMDAwMDAwMDAwLCJ1cGRhdGUiOjYwMDAwMDAwMDAwMH19",
          "dependencies": [
            "aws_iam_role.failover_lambda_role",
            "aws_lb.app_alb_dr",
            "aws_security_group.alb_sg_dr",
            "aws_subnet.dr_public_a",
            "aws_subnet.dr_public_b",
            "aws_vpc.dr",
            "data.archive_file.failover_lambda_zip"
          ]
        }
      ]
    },
    {
      "mode": "managed",
      "type": "aws_lambda_function",
      "name": "update_dns_lambda_dr",
      "provider": "provider[\"registry.terraform.io/hashicorp/aws\"].dr",
      "instances": [
        {
          "schema_version": 0,
          "attributes": {
            "architectures": [
              "x86_64"
            ],
            "arn": "arn:aws:lambda:us-west-2:380270640472:function:update-dns-record-dr",
            "capacity_provider_config": [],
            "code_sha256": "DQGl81TOQf4rDtyq8n35wI01LWiQNpfKRmSFcSh9Yuk=",
            "code_signing_config_arn": "",
            "dead_letter_config": [],
            "description": "",
            "durable_config": [],
            "environment": [
              {
                "variables": {
                  "DNS_RECORD_NAME": "app.yourdomain.com",
                  "DR_ALB_DNS_NAME": "dr-app-lb-1804557247.us-west-2.elb.amazonaws.com",
                  "DR_ALB_ZONE_ID": "Z1H1FL5HABSF5",
                  "ROUTE53_HOSTED_ZONE_ID": "YOUR_HOSTED_ZONE_ID"
                }
              }
            ],
            "ephemeral_storage": [
              {
                "size": 512
              }
            ],
            "file_system_config": [],
            "filename": "./../lambda.zip",
            "function_name": "update-dns-record-dr",
            "handler": "failover_orchestrator.update_dns_record",
            "id": "update-dns-record-dr",
            "image_config": [],
            "image_uri": "",
            "invoke_arn": "arn:aws:apigateway:us-west-2:lambda:path/2015-03-31/functions/arn:aws:lambda:us-west-2:380270640472:function:update-dns-record-dr/invocations",
            "kms_key_arn": "",
            "last_modified": "2025-12-11T00:53:43.236+0000",
            "layers": [],
            "logging_config": [
              {
                "application_log_level": "",
                "log_format": "Text",
                "log_group": "/aws/lambda/update-dns-record-dr",
                "system_log_level": ""
              }
            ],
            "memory_size": 128,
            "package_type": "Zip",
            "publish": false,
            "publish_to": null,
            "qualified_arn": "arn:aws:lambda:us-west-2:380270640472:function:update-dns-record-dr:$LATEST",
            "qualified_invoke_arn": "arn:aws:apigateway:us-west-2:lambda:path/2015-03-31/functions/arn:aws:lambda:us-west-2:380270640472:function:update-dns-record-dr:$LATEST/invocations",
            "region": "us-west-2",
            "replace_security_groups_on_destroy": null,
            "replacement_security_group_ids": null,
            "reserved_concurrent_executions": -1,
            "role": "arn:aws:iam::380270640472:role/FailoverLambdaExecutionRole-DR",
            "runtime": "python3.9",
            "s3_bucket": null,
            "s3_key": null,
            "s3_object_version": null,
            "signing_job_arn": "",
            "signing_profile_version_arn": "",
            "skip_destroy": false,
            "snap_start": [],
            "source_code_hash": "",
            "source_code_size": 1528,
            "source_kms_key_arn": "",
            "tags": {},
            "tags_all": {},
            "tenancy_config": [],
            "timeout": 30,
            "timeouts": null,
            "tracing_config": [
              {
                "mode": "PassThrough"
              }
            ],
            "version": "$LATEST",
            "vpc_config": []
          },
          "sensitive_attributes": [],
          "identity_schema_version": 0,
          "identity": {
            "account_id": "380270640472",
            "function_name": "update-dns-record-dr",
            "region": "us-west-2"
          },
          "private": "eyJlMmJmYjczMC1lY2FhLTExZTYtOGY4OC0zNDM2M2JjN2M0YzAiOnsiY3JlYXRlIjo2MDAwMDAwMDAwMDAsImRlbGV0ZSI6NjAwMDAwMDAwMDAwLCJ1cGRhdGUiOjYwMDAwMDAwMDAwMH19",
          "dependencies": [
            "aws_iam_role.failover_lambda_role_dr",
            "aws_lb.app_alb_dr",
            "aws_security_group.alb_sg_dr",
            "aws_subnet.dr_public_a",
            "aws_subnet.dr_public_b",
            "aws_vpc.dr",
            "data.archive_file.failover_lambda_zip"
          ]
        }
      ]
    },
    {
      "mode": "managed",
      "type": "aws_lb",
      "name": "app_alb_dr",
      "provider": "provider[\"registry.terraform.io/hashicorp/aws\"].dr",
      "instances": [
        {
          "schema_version": 0,
          "attributes": {
            "access_logs": [
              {
                "bucket": "",
                "enabled": false,
                "prefix": ""
              }
            ],
            "arn": "arn:aws:elasticloadbalancing:us-west-2:380270640472:loadbalancer/app/dr-app-lb/2653dd8d28fd15db",
            "arn_suffix": "app/dr-app-lb/2653dd8d28fd15db",
            "client_keep_alive": 3600,
            "connection_logs": [
              {
                "bucket": "",
                "enabled": false,
                "prefix": ""
              }
            ],
            "customer_owned_ipv4_pool": "",
            "desync_mitigation_mode": "defensive",
            "dns_name": "dr-app-lb-1804557247.us-west-2.elb.amazonaws.com",
            "dns_record_client_routing_policy": null,
            "drop_invalid_header_fields": false,
            "enable_cross_zone_load_balancing": true,
            "enable_deletion_protection": false,
            "enable_http2": true,
            "enable_tls_version_and_cipher_suite_headers": false,
            "enable_waf_fail_open": false,
            "enable_xff_client_port": false,
            "enable_zonal_shift": false,
            "enforce_security_group_inbound_rules_on_private_link_traffic": "",
            "health_check_logs": [
              {
                "bucket": "",
                "enabled": false,
                "prefix": ""
              }
            ],
            "id": "arn:aws:elasticloadbalancing:us-west-2:380270640472:loadbalancer/app/dr-app-lb/2653dd8d28fd15db",
            "idle_timeout": 60,
            "internal": false,
            "ip_address_type": "ipv4",
            "ipam_pools": [],
            "load_balancer_type": "application",
            "minimum_load_balancer_capacity": [],
            "name": "dr-app-lb",
            "name_prefix": "",
            "preserve_host_header": false,
            "region": "us-west-2",
            "secondary_ips_auto_assigned_per_subnet": null,
            "security_groups": [
              "sg-074edd3963e046a1f"
            ],
            "subnet_mapping": [
              {
                "allocation_id": "",
                "ipv6_address": "",
                "outpost_id": "",
                "private_ipv4_address": "",
                "subnet_id": "subnet-08c198098dc5d4ddb"
              },
              {
                "allocation_id": "",
                "ipv6_address": "",
                "outpost_id": "",
                "private_ipv4_address": "",
                "subnet_id": "subnet-0ebcb0f3d567d2002"
              }
            ],
            "subnets": [
              "subnet-08c198098dc5d4ddb",
              "subnet-0ebcb0f3d567d2002"
            ],
            "tags": {
              "Name": "dr-app-lb"
            },
            "tags_all": {
              "Name": "dr-app-lb"
            },
            "timeouts": null,
            "vpc_id": "vpc-07a113fc6466fd897",
            "xff_header_processing_mode": "append",
            "zone_id": "Z1H1FL5HABSF5"
          },
          "sensitive_attributes": [],
          "identity_schema_version": 0,
          "identity": {
            "arn": "arn:aws:elasticloadbalancing:us-west-2:380270640472:loadbalancer/app/dr-app-lb/2653dd8d28fd15db"
          },
          "private": "eyJlMmJmYjczMC1lY2FhLTExZTYtOGY4OC0zNDM2M2JjN2M0YzAiOnsiY3JlYXRlIjo2MDAwMDAwMDAwMDAsImRlbGV0ZSI6NjAwMDAwMDAwMDAwLCJ1cGRhdGUiOjYwMDAwMDAwMDAwMH19",
          "dependencies": [
            "aws_security_group.alb_sg_dr",
            "aws_subnet.dr_public_a",
            "aws_subnet.dr_public_b",
            "aws_vpc.dr"
          ]
        }
      ]
    },
    {
      "mode": "managed",
      "type": "aws_s3_bucket",
      "name": "codedeploy_artifacts",
      "provider": "provider[\"registry.terraform.io/hashicorp/aws\"].primary",
      "instances": [
        {
          "schema_version": 0,
          "attributes": {
            "acceleration_status": "",
            "acl": null,
            "arn": "arn:aws:s3:::codedeploy-artifacts-brave-moccasin",
            "bucket": "codedeploy-artifacts-brave-moccasin",
            "bucket_domain_name": "codedeploy-artifacts-brave-moccasin.s3.amazonaws.com",
            "bucket_prefix": "",
            "bucket_region": "us-east-1",
            "bucket_regional_domain_name": "codedeploy-artifacts-brave-moccasin.s3.us-east-1.amazonaws.com",
            "cors_rule": [],
            "force_destroy": false,
            "grant": [
              {
                "id": "4cd487feb83627b561bca9350113a87fd469dd47dd1a0a8c14f205f25e32d694",
                "permissions": [
                  "FULL_CONTROL"
                ],
                "type": "CanonicalUser",
                "uri": ""
              }
            ],
            "hosted_zone_id": "Z3AQBSTGFYJSTF",
            "id": "codedeploy-artifacts-brave-moccasin",
            "lifecycle_rule": [
              {
                "abort_incomplete_multipart_upload_days": 0,
                "enabled": true,
                "expiration": [
                  {
                    "date": "",
                    "days": 14,
                    "expired_object_delete_marker": false
                  }
                ],
                "id": "expire-old-artifacts",
                "noncurrent_version_expiration": [],
                "noncurrent_version_transition": [],
                "prefix": "",
                "tags": {},
                "transition": []
              }
            ],
            "logging": [],
            "object_lock_configuration": [],
            "object_lock_enabled": false,
            "policy": "",
            "region": "us-east-1",
            "replication_configuration": [],
            "request_payer": "BucketOwner",
            "server_side_encryption_configuration": [
              {
                "rule": [
                  {
                    "apply_server_side_encryption_by_default": [
                      {
                        "kms_master_key_id": "",
                        "sse_algorithm": "AES256"
                      }
                    ],
                    "bucket_key_enabled": false
                  }
                ]
              }
            ],
            "tags": {},
            "tags_all": {},
            "timeouts": null,
            "versioning": [
              {
                "enabled": true,
                "mfa_delete": false
              }
            ],
            "website": [],
            "website_domain": null,
            "website_endpoint": null
          },
          "sensitive_attributes": [],
          "identity_schema_version": 0,
          "identity": {
            "account_id": "380270640472",
            "bucket": "codedeploy-artifacts-brave-moccasin",
            "region": "us-east-1"
          },
          "private": "eyJlMmJmYjczMC1lY2FhLTExZTYtOGY4OC0zNDM2M2JjN2M0YzAiOnsiY3JlYXRlIjoxMjAwMDAwMDAwMDAwLCJkZWxldGUiOjM2MDAwMDAwMDAwMDAsInJlYWQiOjEyMDAwMDAwMDAwMDAsInVwZGF0ZSI6MTIwMDAwMDAwMDAwMH19",
          "dependencies": [
            "random_pet.bucket_name"
          ]
        }
      ]
    },
    {
      "mode": "managed",
      "type": "aws_s3_bucket",
      "name": "dr_data",
      "provider": "provider[\"registry.terraform.io/hashicorp/aws\"].dr",
      "instances": [
        {
          "schema_version": 0,
          "attributes": {
            "acceleration_status": "",
            "acl": null,
            "arn": "arn:aws:s3:::dr-data-bucket-brave-moccasin",
            "bucket": "dr-data-bucket-brave-moccasin",
            "bucket_domain_name": "dr-data-bucket-brave-moccasin.s3.amazonaws.com",
            "bucket_prefix": "",
            "bucket_region": "us-west-2",
            "bucket_regional_domain_name": "dr-data-bucket-brave-moccasin.s3.us-west-2.amazonaws.com",
            "cors_rule": [],
            "force_destroy": false,
            "grant": [
              {
                "id": "4cd487feb83627b561bca9350113a87fd469dd47dd1a0a8c14f205f25e32d694",
                "permissions": [
                  "FULL_CONTROL"
                ],
                "type": "CanonicalUser",
                "uri": ""
              }
            ],
            "hosted_zone_id": "Z3BJ6K6RIION7M",
            "id": "dr-data-bucket-brave-moccasin",
            "lifecycle_rule": [
              {
                "abort_incomplete_multipart_upload_days": 0,
                "enabled": true,
                "expiration": [],
                "id": "cleanup-old-versions",
                "noncurrent_version_expiration": [
                  {
                    "days": 365
                  }
                ],
                "noncurrent_version_transition": [
                  {
                    "days": 30,
                    "storage_class": "STANDARD_IA"
                  }
                ],
                "prefix": "",
                "tags": {},
                "transition": []
              }
            ],
            "logging": [],
            "object_lock_configuration": [],
            "object_lock_enabled": false,
            "policy": "",
            "region": "us-west-2",
            "replication_configuration": [],
            "request_payer": "BucketOwner",
            "server_side_encryption_configuration": [
              {
                "rule": [
                  {
                    "apply_server_side_encryption_by_default": [
                      {
                        "kms_master_key_id": "",
                        "sse_algorithm": "AES256"
                      }
                    ],
                    "bucket_key_enabled": false
                  }
                ]
              }
            ],
            "tags": {},
            "tags_all": {},
            "timeouts": null,
            "versioning": [
              {
                "enabled": true,
                "mfa_delete": false
              }
            ],
            "website": [],
            "website_domain": null,
            "website_endpoint": null
          },
          "sensitive_attributes": [],
          "identity_schema_version": 0,
          "identity": {
            "account_id": "380270640472",
            "bucket": "dr-data-bucket-brave-moccasin",
            "region": "us-west-2"
          },
          "private": "eyJlMmJmYjczMC1lY2FhLTExZTYtOGY4OC0zNDM2M2JjN2M0YzAiOnsiY3JlYXRlIjoxMjAwMDAwMDAwMDAwLCJkZWxldGUiOjM2MDAwMDAwMDAwMDAsInJlYWQiOjEyMDAwMDAwMDAwMDAsInVwZGF0ZSI6MTIwMDAwMDAwMDAwMH19",
          "dependencies": [
            "random_pet.bucket_name"
          ]
        }
      ]
    },
    {
      "mode": "managed",
      "type": "aws_s3_bucket",
      "name": "primary_data",
      "provider": "provider[\"registry.terraform.io/hashicorp/aws\"].primary",
      "instances": [
        {
          "schema_version": 0,
          "attributes": {
            "acceleration_status": "",
            "acl": null,
            "arn": "arn:aws:s3:::primary-data-bucket-brave-moccasin",
            "bucket": "primary-data-bucket-brave-moccasin",
            "bucket_domain_name": "primary-data-bucket-brave-moccasin.s3.amazonaws.com",
            "bucket_prefix": "",
            "bucket_region": "us-east-1",
            "bucket_regional_domain_name": "primary-data-bucket-brave-moccasin.s3.us-east-1.amazonaws.com",
            "cors_rule": [],
            "force_destroy": false,
            "grant": [
              {
                "id": "4cd487feb83627b561bca9350113a87fd469dd47dd1a0a8c14f205f25e32d694",
                "permissions": [
                  "FULL_CONTROL"
                ],
                "type": "CanonicalUser",
                "uri": ""
              }
            ],
            "hosted_zone_id": "Z3AQBSTGFYJSTF",
            "id": "primary-data-bucket-brave-moccasin",
            "lifecycle_rule": [],
            "logging": [],
            "object_lock_configuration": [],
            "object_lock_enabled": false,
            "policy": "",
            "region": "us-east-1",
            "replication_configuration": [
              {
                "role": "arn:aws:iam::380270640472:role/s3-replication-role-brave-moccasin",
                "rules": [
                  {
                    "delete_marker_replication_status": "Enabled",
                    "destination": [
                      {
                        "access_control_translation": [],
                        "account_id": "",
                        "bucket": "arn:aws:s3:::dr-data-bucket-brave-moccasin",
                        "metrics": [],
                        "replica_kms_key_id": "",
                        "replication_time": [],
                        "storage_class": ""
                      }
                    ],
                    "filter": [
                      {
                        "prefix": null,
                        "tags": null
                      }
                    ],
                    "id": "replicate-all",
                    "prefix": "",
                    "priority": 0,
                    "source_selection_criteria": [],
                    "status": "Enabled"
                  }
                ]
              }
            ],
            "request_payer": "BucketOwner",
            "server_side_encryption_configuration": [
              {
                "rule": [
                  {
                    "apply_server_side_encryption_by_default": [
                      {
                        "kms_master_key_id": "",
                        "sse_algorithm": "AES256"
                      }
                    ],
                    "bucket_key_enabled": false
                  }
                ]
              }
            ],
            "tags": {},
            "tags_all": {},
            "timeouts": null,
            "versioning": [
              {
                "enabled": true,
                "mfa_delete": false
              }
            ],
            "website": [],
            "website_domain": null,
            "website_endpoint": null
          },
          "sensitive_attributes": [],
          "identity_schema_version": 0,
          "identity": {
            "account_id": "380270640472",
            "bucket": "primary-data-bucket-brave-moccasin",
            "region": "us-east-1"
          },
          "private": "eyJlMmJmYjczMC1lY2FhLTExZTYtOGY4OC0zNDM2M2JjN2M0YzAiOnsiY3JlYXRlIjoxMjAwMDAwMDAwMDAwLCJkZWxldGUiOjM2MDAwMDAwMDAwMDAsInJlYWQiOjEyMDAwMDAwMDAwMDAsInVwZGF0ZSI6MTIwMDAwMDAwMDAwMH19",
          "dependencies": [
            "random_pet.bucket_name"
          ]
        }
      ]
    },
    {
      "mode": "managed",
      "type": "aws_security_group",
      "name": "alb_sg_dr",
      "provider": "provider[\"registry.terraform.io/hashicorp/aws\"].dr",
      "instances": [
        {
          "schema_version": 1,
          "attributes": {
            "arn": "arn:aws:ec2:us-west-2:380270640472:security-group/sg-074edd3963e046a1f",
            "description": "Allow HTTP inbound traffic for DR ALB",
            "egress": [
              {
                "cidr_blocks": [
                  "0.0.0.0/0"
                ],
                "description": "",
                "from_port": 0,
                "ipv6_cidr_blocks": [],
                "prefix_list_ids": [],
                "protocol": "-1",
                "security_groups": [],
                "self": false,
                "to_port": 0
              }
            ],
            "id": "sg-074edd3963e046a1f",
            "ingress": [
              {
                "cidr_blocks": [
                  "0.0.0.0/0"
                ],
                "description": "HTTP from anywhere",
                "from_port": 80,
                "ipv6_cidr_blocks": [],
                "prefix_list_ids": [],
                "protocol": "tcp",
                "security_groups": [],
                "self": false,
                "to_port": 80
              }
            ],
            "name": "alb-sg-dr",
            "name_prefix": "",
            "owner_id": "380270640472",
            "region": "us-west-2",
            "revoke_rules_on_delete": false,
            "tags": {
              "Name": "alb-sg-dr"
            },
            "tags_all": {
              "Name": "alb-sg-dr"
            },
            "timeouts": null,
            "vpc_id": "vpc-07a113fc6466fd897"
          },
          "sensitive_attributes": [],
          "identity_schema_version": 0,
          "identity": {
            "account_id": "380270640472",
            "id": "sg-074edd3963e046a1f",
            "region": "us-west-2"
          },
          "private": "eyJlMmJmYjczMC1lY2FhLTExZTYtOGY4OC0zNDM2M2JjN2M0YzAiOnsiY3JlYXRlIjo2MDAwMDAwMDAwMDAsImRlbGV0ZSI6OTAwMDAwMDAwMDAwfSwic2NoZW1hX3ZlcnNpb24iOiIxIn0=",
          "dependencies": [
            "aws_vpc.dr"
          ]
        }
      ]
    },
    {
      "mode": "managed",
      "type": "aws_security_group",
      "name": "alb_sg_primary",
      "provider": "provider[\"registry.terraform.io/hashicorp/aws\"].primary",
      "instances": [
        {
          "schema_version": 1,
          "attributes": {
            "arn": "arn:aws:ec2:us-east-1:380270640472:security-group/sg-0b6ed5ed3eee380ca",
            "description": "Allow HTTP inbound traffic for primary ALB",
            "egress": [
              {
                "cidr_blocks": [
                  "0.0.0.0/0"
                ],
                "description": "",
                "from_port": 0,
                "ipv6_cidr_blocks": [],
                "prefix_list_ids": [],
                "protocol": "-1",
                "security_groups": [],
                "self": false,
                "to_port": 0
              }
            ],
            "id": "sg-0b6ed5ed3eee380ca",
            "ingress": [
              {
                "cidr_blocks": [
                  "0.0.0.0/0"
                ],
                "description": "HTTP from anywhere",
                "from_port": 80,
                "ipv6_cidr_blocks": [],
                "prefix_list_ids": [],
                "protocol": "tcp",
                "security_groups": [],
                "self": false,
                "to_port": 80
              }
            ],
            "name": "alb-sg-primary",
            "name_prefix": "",
            "owner_id": "380270640472",
            "region": "us-east-1",
            "revoke_rules_on_delete": false,
            "tags": {
              "Name": "alb-sg-primary"
            },
            "tags_all": {
              "Name": "alb-sg-primary"
            },
            "timeouts": null,
            "vpc_id": "vpc-08432e03696833950"
          },
          "sensitive_attributes": [],
          "identity_schema_version": 0,
          "identity": {
            "account_id": "380270640472",
            "id": "sg-0b6ed5ed3eee380ca",
            "region": "us-east-1"
          },
          "private": "eyJlMmJmYjczMC1lY2FhLTExZTYtOGY4OC0zNDM2M2JjN2M0YzAiOnsiY3JlYXRlIjo2MDAwMDAwMDAwMDAsImRlbGV0ZSI6OTAwMDAwMDAwMDAwfSwic2NoZW1hX3ZlcnNpb24iOiIxIn0=",
          "dependencies": [
            "aws_vpc.primary"
          ]
        }
      ]
    },
    {
      "mode": "managed",
      "type": "aws_security_group",
      "name": "ec2_sg_dr",
      "provider": "provider[\"registry.terraform.io/hashicorp/aws\"].dr",
      "instances": [
        {
          "schema_version": 1,
          "attributes": {
            "arn": "arn:aws:ec2:us-west-2:380270640472:security-group/sg-0079a686cb25d0674",
            "description": "Allow DB and SSH traffic for DR restore",
            "egress": [
              {
                "cidr_blocks": [
                  "0.0.0.0/0"
                ],
                "description": "",
                "from_port": 0,
                "ipv6_cidr_blocks": [],
                "prefix_list_ids": [],
                "protocol": "-1",
                "security_groups": [],
                "self": false,
                "to_port": 0
              }
            ],
            "id": "sg-0079a686cb25d0674",
            "ingress": [
              {
                "cidr_blocks": [
                  "0.0.0.0/0"
                ],
                "description": "Allow SSH for debugging",
                "from_port": 22,
                "ipv6_cidr_blocks": [],
                "prefix_list_ids": [],
                "protocol": "tcp",
                "security_groups": [],
                "self": false,
                "to_port": 22
              },
              {
                "cidr_blocks": [],
                "description": "Allow PostgreSQL traffic from within the same SG",
                "from_port": 5432,
                "ipv6_cidr_blocks": [],
                "prefix_list_ids": [],
                "protocol": "tcp",
                "security_groups": [],
                "self": true,
                "to_port": 5432
              }
            ],
            "name": "ec2-sg-dr",
            "name_prefix": "",
            "owner_id": "380270640472",
            "region": "us-west-2",
            "revoke_rules_on_delete": false,
            "tags": {
              "Name": "ec2-sg-dr"
            },
            "tags_all": {
              "Name": "ec2-sg-dr"
            },
            "timeouts": null,
            "vpc_id": "vpc-07a113fc6466fd897"
          },
          "sensitive_attributes": [],
          "identity_schema_version": 0,
          "identity": {
            "account_id": "380270640472",
            "id": "sg-0079a686cb25d0674",
            "region": "us-west-2"
          },
          "private": "eyJlMmJmYjczMC1lY2FhLTExZTYtOGY4OC0zNDM2M2JjN2M0YzAiOnsiY3JlYXRlIjo2MDAwMDAwMDAwMDAsImRlbGV0ZSI6OTAwMDAwMDAwMDAwfSwic2NoZW1hX3ZlcnNpb24iOiIxIn0=",
          "dependencies": [
            "aws_vpc.dr"
          ]
        }
      ]
    },
    {
      "mode": "managed",
      "type": "aws_security_group",
      "name": "ec2_sg_primary",
      "provider": "provider[\"registry.terraform.io/hashicorp/aws\"].primary",
      "instances": [
        {
          "schema_version": 1,
          "attributes": {
            "arn": "arn:aws:ec2:us-east-1:380270640472:security-group/sg-03e01aa3431b39c00",
            "description": "Allow traffic from ALB",
            "egress": [
              {
                "cidr_blocks": [
                  "0.0.0.0/0"
                ],
                "description": "",
                "from_port": 0,
                "ipv6_cidr_blocks": [],
                "prefix_list_ids": [],
                "protocol": "-1",
                "security_groups": [],
                "self": false,
                "to_port": 0
              }
            ],
            "id": "sg-03e01aa3431b39c00",
            "ingress": [
              {
                "cidr_blocks": [],
                "description": "App traffic on port 5000 from ALB",
                "from_port": 5000,
                "ipv6_cidr_blocks": [],
                "prefix_list_ids": [],
                "protocol": "tcp",
                "security_groups": [
                  "sg-0b6ed5ed3eee380ca"
                ],
                "self": false,
                "to_port": 5000
              },
              {
                "cidr_blocks": [],
                "description": "HTTP from ALB",
                "from_port": 80,
                "ipv6_cidr_blocks": [],
                "prefix_list_ids": [],
                "protocol": "tcp",
                "security_groups": [
                  "sg-0b6ed5ed3eee380ca"
                ],
                "self": false,
                "to_port": 80
              }
            ],
            "name": "ec2-sg-primary",
            "name_prefix": "",
            "owner_id": "380270640472",
            "region": "us-east-1",
            "revoke_rules_on_delete": false,
            "tags": {
              "Name": "ec2-sg-primary"
            },
            "tags_all": {
              "Name": "ec2-sg-primary"
            },
            "timeouts": null,
            "vpc_id": "vpc-08432e03696833950"
          },
          "sensitive_attributes": [],
          "identity_schema_version": 0,
          "identity": {
            "account_id": "380270640472",
            "id": "sg-03e01aa3431b39c00",
            "region": "us-east-1"
          },
          "private": "eyJlMmJmYjczMC1lY2FhLTExZTYtOGY4OC0zNDM2M2JjN2M0YzAiOnsiY3JlYXRlIjo2MDAwMDAwMDAwMDAsImRlbGV0ZSI6OTAwMDAwMDAwMDAwfSwic2NoZW1hX3ZlcnNpb24iOiIxIn0=",
          "dependencies": [
            "aws_security_group.alb_sg_primary",
            "aws_vpc.primary"
          ]
        }
      ]
    },
    {
      "mode": "managed",
      "type": "aws_sfn_state_machine",
      "name": "failover_state_machine",
      "provider": "provider[\"registry.terraform.io/hashicorp/aws\"].primary",
      "instances": [
        {
          "schema_version": 0,
          "attributes": {
            "arn": "arn:aws:states:us-east-1:380270640472:stateMachine:FailoverOrchestrator",
            "creation_date": "2025-12-10T21:33:58Z",
            "definition": "{\"Comment\":\"A state machine to orchestrate DR failover.\",\"StartAt\":\"ProvisionRestoreHost\",\"States\":{\"FailState\":{\"Cause\":\"The SSM Run Command did not complete successfully.\",\"Error\":\"RestoreScriptFailed\",\"Type\":\"Fail\"},\"GetRestoreStatusCommand\":{\"Next\":\"IsRestoreComplete\",\"Parameters\":{\"CommandId.$\":\"$.ssm_command.Command.CommandId\",\"InstanceId.$\":\"$.ssm_command.Command.InstanceIds[0]\"},\"Resource\":\"arn:aws:states:::aws-sdk:ssm:getCommandInvocation\",\"ResultPath\":\"$.ssm_command_status\",\"Type\":\"Task\"},\"IsRestoreComplete\":{\"Choices\":[{\"Next\":\"UpdateDnsRecord\",\"StringEquals\":\"Success\",\"Variable\":\"$.ssm_command_status.Status\"},{\"Next\":\"WaitBeforeCheckingStatus\",\"StringEquals\":\"InProgress\",\"Variable\":\"$.ssm_command_status.Status\"}],\"Default\":\"FailState\",\"Type\":\"Choice\"},\"ProvisionRestoreHost\":{\"Next\":\"WaitForHostToBeReady\",\"Result\":{\"instance_id\":\"i-0652d033b53efb5a8\"},\"Type\":\"Pass\"},\"TerminateRestoreHost\":{\"End\":true,\"Parameters\":{\"InstanceIds.$\":\"$.instance_id\"},\"Resource\":\"arn:aws:states:::aws-sdk:ec2:terminateInstances\",\"Type\":\"Task\"},\"TriggerRestoreScript\":{\"Next\":\"WaitBeforeCheckingStatus\",\"Parameters\":{\"Comment\":\"Execute database restore script\",\"DocumentName\":\"AWS-RunShellScript\",\"InstanceIds.$\":\"$.instance_id\",\"Parameters\":{\"commands\":[\"git clone https://github.com/AltCrest/disaster-recovery-app.git\",\"bash disaster-recovery-app/restore_scripts/run_restore.sh dr-data-bucket-brave-moccasin us-west-2 dr-db-subnet-group sg-0079a686cb25d0674\"]}},\"Resource\":\"arn:aws:states:::aws-sdk:ssm:sendCommand\",\"ResultPath\":\"$.ssm_command\",\"Type\":\"Task\"},\"UpdateDnsRecord\":{\"Next\":\"TerminateRestoreHost\",\"Parameters\":{\"FunctionName\":\"update-dns-record\",\"Payload.$\":\"$\"},\"Resource\":\"arn:aws:states:::lambda:invoke\",\"Type\":\"Task\"},\"WaitBeforeCheckingStatus\":{\"Next\":\"GetRestoreStatusCommand\",\"Seconds\":60,\"Type\":\"Wait\"},\"WaitForHostToBeReady\":{\"Next\":\"TriggerRestoreScript\",\"Seconds\":90,\"Type\":\"Wait\"}}}",
            "description": "",
            "encryption_configuration": [
              {
                "kms_data_key_reuse_period_seconds": 0,
                "kms_key_id": "",
                "type": "AWS_OWNED_KEY"
              }
            ],
            "id": "arn:aws:states:us-east-1:380270640472:stateMachine:FailoverOrchestrator",
            "logging_configuration": [
              {
                "include_execution_data": false,
                "level": "OFF",
                "log_destination": ""
              }
            ],
            "name": "FailoverOrchestrator",
            "name_prefix": "",
            "publish": false,
            "region": "us-east-1",
            "revision_id": "",
            "role_arn": "arn:aws:iam::380270640472:role/FailoverStepFunctionRole",
            "state_machine_version_arn": "",
            "status": "ACTIVE",
            "tags": {},
            "tags_all": {},
            "timeouts": null,
            "tracing_configuration": [
              {
                "enabled": false
              }
            ],
            "type": "STANDARD",
            "version_description": null
          },
          "sensitive_attributes": [],
          "identity_schema_version": 0,
          "identity": {
            "arn": "arn:aws:states:us-east-1:380270640472:stateMachine:FailoverOrchestrator"
          },
          "private": "eyJlMmJmYjczMC1lY2FhLTExZTYtOGY4OC0zNDM2M2JjN2M0YzAiOnsiY3JlYXRlIjozMDAwMDAwMDAwMDAsImRlbGV0ZSI6MzAwMDAwMDAwMDAwLCJ1cGRhdGUiOjYwMDAwMDAwMDAwfX0=",
          "dependencies": [
            "aws_db_subnet_group.dr",
            "aws_iam_instance_profile.restore_host_profile",
            "aws_iam_role.failover_lambda_role",
            "aws_iam_role.restore_host_role",
            "aws_iam_role.step_function_role",
            "aws_instance.restore_host",
            "aws_lambda_function.update_dns_lambda",
            "aws_lb.app_alb_dr",
            "aws_s3_bucket.dr_data",
            "aws_security_group.alb_sg_dr",
            "aws_security_group.ec2_sg_dr",
            "aws_subnet.dr_private_a",
            "aws_subnet.dr_private_b",
            "aws_subnet.dr_public_a",
            "aws_subnet.dr_public_b",
            "aws_vpc.dr",
            "data.archive_file.failover_lambda_zip",
            "data.aws_ami.amazon_linux_2023_dr",
            "random_pet.bucket_name"
          ]
        }
      ]
    },
    {
      "mode": "managed",
      "type": "aws_sfn_state_machine",
      "name": "failover_state_machine_dr",
      "provider": "provider[\"registry.terraform.io/hashicorp/aws\"].dr",
      "instances": [
        {
          "schema_version": 0,
          "attributes": {
            "arn": "arn:aws:states:us-west-2:380270640472:stateMachine:FailoverOrchestrator-DR",
            "creation_date": "2025-12-10T21:33:59Z",
            "definition": "{\"Comment\":\"A state machine in the DR region to orchestrate failover.\",\"StartAt\":\"ProvisionRestoreHost\",\"States\":{\"FailState\":{\"Cause\":\"The SSM Run Command did not complete successfully.\",\"Error\":\"RestoreScriptFailed\",\"Type\":\"Fail\"},\"GetRestoreStatusCommand\":{\"Next\":\"IsRestoreComplete\",\"Parameters\":{\"CommandId.$\":\"$.ssm_command.Command.CommandId\",\"InstanceId.$\":\"$.ssm_command.Command.InstanceIds[0]\"},\"Resource\":\"arn:aws:states:::aws-sdk:ssm:getCommandInvocation\",\"ResultPath\":\"$.ssm_command_status\",\"Type\":\"Task\"},\"IsRestoreComplete\":{\"Choices\":[{\"Next\":\"UpdateDnsRecord\",\"StringEquals\":\"Success\",\"Variable\":\"$.ssm_command_status.Status\"},{\"Next\":\"WaitBeforeCheckingStatus\",\"StringEquals\":\"InProgress\",\"Variable\":\"$.ssm_command_status.Status\"}],\"Default\":\"FailState\",\"Type\":\"Choice\"},\"ProvisionRestoreHost\":{\"Next\":\"WaitForHostToBeReady\",\"Result\":{\"instance_id\":\"i-0652d033b53efb5a8\"},\"Type\":\"Pass\"},\"TerminateRestoreHost\":{\"End\":true,\"Parameters\":{\"InstanceIds\":[\"i-0652d033b53efb5a8\"]},\"Resource\":\"arn:aws:states:::aws-sdk:ec2:terminateInstances\",\"Type\":\"Task\"},\"TriggerRestoreScript\":{\"Next\":\"WaitBeforeCheckingStatus\",\"Parameters\":{\"Comment\":\"Execute database restore script\",\"DocumentName\":\"AWS-RunShellScript\",\"InstanceIds\":[\"i-0652d033b53efb5a8\"],\"Parameters\":{\"commands\":[\"sudo yum install -y git\",\"rm -rf disaster-recovery-app\",\"git clone https://github.com/AltCrest/disaster-recovery-app.git\",\"bash disaster-recovery-app/restore_scripts/run_restore.sh dr-data-bucket-brave-moccasin us-west-2 dr-db-subnet-group sg-0079a686cb25d0674\"]}},\"Resource\":\"arn:aws:states:::aws-sdk:ssm:sendCommand\",\"ResultPath\":\"$.ssm_command\",\"Type\":\"Task\"},\"UpdateDnsRecord\":{\"Next\":\"TerminateRestoreHost\",\"Parameters\":{\"FunctionName\":\"update-dns-record-dr\",\"Payload.$\":\"$\"},\"Resource\":\"arn:aws:states:::lambda:invoke\",\"Type\":\"Task\"},\"WaitBeforeCheckingStatus\":{\"Next\":\"GetRestoreStatusCommand\",\"Seconds\":60,\"Type\":\"Wait\"},\"WaitForHostToBeReady\":{\"Next\":\"TriggerRestoreScript\",\"Seconds\":90,\"Type\":\"Wait\"}}}",
            "description": "",
            "encryption_configuration": [
              {
                "kms_data_key_reuse_period_seconds": 0,
                "kms_key_id": "",
                "type": "AWS_OWNED_KEY"
              }
            ],
            "id": "arn:aws:states:us-west-2:380270640472:stateMachine:FailoverOrchestrator-DR",
            "logging_configuration": [
              {
                "include_execution_data": false,
                "level": "OFF",
                "log_destination": ""
              }
            ],
            "name": "FailoverOrchestrator-DR",
            "name_prefix": "",
            "publish": false,
            "region": "us-west-2",
            "revision_id": "22c60401-a045-4926-9870-6a26a0686d8d",
            "role_arn": "arn:aws:iam::380270640472:role/FailoverStepFunctionRole-DR",
            "state_machine_version_arn": "",
            "status": "ACTIVE",
            "tags": {},
            "tags_all": {},
            "timeouts": null,
            "tracing_configuration": [
              {
                "enabled": false
              }
            ],
            "type": "STANDARD",
            "version_description": null
          },
          "sensitive_attributes": [],
          "identity_schema_version": 0,
          "identity": {
            "arn": "arn:aws:states:us-west-2:380270640472:stateMachine:FailoverOrchestrator-DR"
          },
          "private": "eyJlMmJmYjczMC1lY2FhLTExZTYtOGY4OC0zNDM2M2JjN2M0YzAiOnsiY3JlYXRlIjozMDAwMDAwMDAwMDAsImRlbGV0ZSI6MzAwMDAwMDAwMDAwLCJ1cGRhdGUiOjYwMDAwMDAwMDAwfX0=",
          "dependencies": [
            "aws_db_subnet_group.dr",
            "aws_iam_instance_profile.restore_host_profile",
            "aws_iam_role.failover_lambda_role_dr",
            "aws_iam_role.restore_host_role",
            "aws_iam_role.step_function_role_dr",
            "aws_instance.restore_host",
            "aws_lambda_function.update_dns_lambda_dr",
            "aws_lb.app_alb_dr",
            "aws_s3_bucket.dr_data",
            "aws_security_group.alb_sg_dr",
            "aws_security_group.ec2_sg_dr",
            "aws_subnet.dr_private_a",
            "aws_subnet.dr_private_b",
            "aws_subnet.dr_public_a",
            "aws_subnet.dr_public_b",
            "aws_vpc.dr",
            "data.archive_file.failover_lambda_zip",
            "data.aws_ami.amazon_linux_2023_dr",
            "random_pet.bucket_name"
          ]
        }
      ]
    },
    {
      "mode": "managed",
      "type": "aws_subnet",
      "name": "dr_private_a",
      "provider": "provider[\"registry.terraform.io/hashicorp/aws\"].dr",
      "instances": [
        {
          "schema_version": 1,
          "attributes": {
            "arn": "arn:aws:ec2:us-west-2:380270640472:subnet/subnet-08400945726b86297",
            "assign_ipv6_address_on_creation": false,
            "availability_zone": "us-west-2a",
            "availability_zone_id": "usw2-az2",
            "cidr_block": "10.1.101.0/24",
            "customer_owned_ipv4_pool": "",
            "enable_dns64": false,
            "enable_lni_at_device_index": 0,
            "enable_resource_name_dns_a_record_on_launch": false,
            "enable_resource_name_dns_aaaa_record_on_launch": false,
            "id": "subnet-08400945726b86297",
            "ipv6_cidr_block": "",
            "ipv6_cidr_block_association_id": "",
            "ipv6_native": false,
            "map_customer_owned_ip_on_launch": false,
            "map_public_ip_on_launch": false,
            "outpost_arn": "",
            "owner_id": "380270640472",
            "private_dns_hostname_type_on_launch": "ip-name",
            "region": "us-west-2",
            "tags": {
              "Name": "dr-private-subnet-a"
            },
            "tags_all": {
              "Name": "dr-private-subnet-a"
            },
            "timeouts": null,
            "vpc_id": "vpc-07a113fc6466fd897"
          },
          "sensitive_attributes": [],
          "identity_schema_version": 0,
          "identity": {
            "account_id": "380270640472",
            "id": "subnet-08400945726b86297",
            "region": "us-west-2"
          },
          "private": "eyJlMmJmYjczMC1lY2FhLTExZTYtOGY4OC0zNDM2M2JjN2M0YzAiOnsiY3JlYXRlIjo2MDAwMDAwMDAwMDAsImRlbGV0ZSI6MTIwMDAwMDAwMDAwMH0sInNjaGVtYV92ZXJzaW9uIjoiMSJ9",
          "dependencies": [
            "aws_vpc.dr"
          ]
        }
      ]
    },
    {
      "mode": "managed",
      "type": "aws_subnet",
      "name": "dr_private_b",
      "provider": "provider[\"registry.terraform.io/hashicorp/aws\"].dr",
      "instances": [
        {
          "schema_version": 1,
          "attributes": {
            "arn": "arn:aws:ec2:us-west-2:380270640472:subnet/subnet-0f4207b283a22f2fc",
            "assign_ipv6_address_on_creation": false,
            "availability_zone": "us-west-2b",
            "availability_zone_id": "usw2-az1",
            "cidr_block": "10.1.102.0/24",
            "customer_owned_ipv4_pool": "",
            "enable_dns64": false,
            "enable_lni_at_device_index": 0,
            "enable_resource_name_dns_a_record_on_launch": false,
            "enable_resource_name_dns_aaaa_record_on_launch": false,
            "id": "subnet-0f4207b283a22f2fc",
            "ipv6_cidr_block": "",
            "ipv6_cidr_block_association_id": "",
            "ipv6_native": false,
            "map_customer_owned_ip_on_launch": false,
            "map_public_ip_on_launch": false,
            "outpost_arn": "",
            "owner_id": "380270640472",
            "private_dns_hostname_type_on_launch": "ip-name",
            "region": "us-west-2",
            "tags": {
              "Name": "dr-private-subnet-b"
            },
            "tags_all": {
              "Name": "dr-private-subnet-b"
            },
            "timeouts": null,
            "vpc_id": "vpc-07a113fc6466fd897"
          },
          "sensitive_attributes": [],
          "identity_schema_version": 0,
          "identity": {
            "account_id": "380270640472",
            "id": "subnet-0f4207b283a22f2fc",
            "region": "us-west-2"
          },
          "private": "eyJlMmJmYjczMC1lY2FhLTExZTYtOGY4OC0zNDM2M2JjN2M0YzAiOnsiY3JlYXRlIjo2MDAwMDAwMDAwMDAsImRlbGV0ZSI6MTIwMDAwMDAwMDAwMH0sInNjaGVtYV92ZXJzaW9uIjoiMSJ9",
          "dependencies": [
            "aws_vpc.dr"
          ]
        }
      ]
    },
    {
      "mode": "managed",
      "type": "aws_subnet",
      "name": "dr_public_a",
      "provider": "provider[\"registry.terraform.io/hashicorp/aws\"].dr",
      "instances": [
        {
          "schema_version": 1,
          "attributes": {
            "arn": "arn:aws:ec2:us-west-2:380270640472:subnet/subnet-0ebcb0f3d567d2002",
            "assign_ipv6_address_on_creation": false,
            "availability_zone": "us-west-2a",
            "availability_zone_id": "usw2-az2",
            "cidr_block": "10.1.1.0/24",
            "customer_owned_ipv4_pool": "",
            "enable_dns64": false,
            "enable_lni_at_device_index": 0,
            "enable_resource_name_dns_a_record_on_launch": false,
            "enable_resource_name_dns_aaaa_record_on_launch": false,
            "id": "subnet-0ebcb0f3d567d2002",
            "ipv6_cidr_block": "",
            "ipv6_cidr_block_association_id": "",
            "ipv6_native": false,
            "map_customer_owned_ip_on_launch": false,
            "map_public_ip_on_launch": true,
            "outpost_arn": "",
            "owner_id": "380270640472",
            "private_dns_hostname_type_on_launch": "ip-name",
            "region": "us-west-2",
            "tags": {
              "Name": "dr-public-subnet-a"
            },
            "tags_all": {
              "Name": "dr-public-subnet-a"
            },
            "timeouts": null,
            "vpc_id": "vpc-07a113fc6466fd897"
          },
          "sensitive_attributes": [],
          "identity_schema_version": 0,
          "identity": {
            "account_id": "380270640472",
            "id": "subnet-0ebcb0f3d567d2002",
            "region": "us-west-2"
          },
          "private": "eyJlMmJmYjczMC1lY2FhLTExZTYtOGY4OC0zNDM2M2JjN2M0YzAiOnsiY3JlYXRlIjo2MDAwMDAwMDAwMDAsImRlbGV0ZSI6MTIwMDAwMDAwMDAwMH0sInNjaGVtYV92ZXJzaW9uIjoiMSJ9",
          "dependencies": [
            "aws_vpc.dr"
          ]
        }
      ]
    },
    {
      "mode": "managed",
      "type": "aws_subnet",
      "name": "dr_public_b",
      "provider": "provider[\"registry.terraform.io/hashicorp/aws\"].dr",
      "instances": [
        {
          "schema_version": 1,
          "attributes": {
            "arn": "arn:aws:ec2:us-west-2:380270640472:subnet/subnet-08c198098dc5d4ddb",
            "assign_ipv6_address_on_creation": false,
            "availability_zone": "us-west-2b",
            "availability_zone_id": "usw2-az1",
            "cidr_block": "10.1.2.0/24",
            "customer_owned_ipv4_pool": "",
            "enable_dns64": false,
            "enable_lni_at_device_index": 0,
            "enable_resource_name_dns_a_record_on_launch": false,
            "enable_resource_name_dns_aaaa_record_on_launch": false,
            "id": "subnet-08c198098dc5d4ddb",
            "ipv6_cidr_block": "",
            "ipv6_cidr_block_association_id": "",
            "ipv6_native": false,
            "map_customer_owned_ip_on_launch": false,
            "map_public_ip_on_launch": true,
            "outpost_arn": "",
            "owner_id": "380270640472",
            "private_dns_hostname_type_on_launch": "ip-name",
            "region": "us-west-2",
            "tags": {
              "Name": "dr-public-subnet-b"
            },
            "tags_all": {
              "Name": "dr-public-subnet-b"
            },
            "timeouts": null,
            "vpc_id": "vpc-07a113fc6466fd897"
          },
          "sensitive_attributes": [],
          "identity_schema_version": 0,
          "identity": {
            "account_id": "380270640472",
            "id": "subnet-08c198098dc5d4ddb",
            "region": "us-west-2"
          },
          "private": "eyJlMmJmYjczMC1lY2FhLTExZTYtOGY4OC0zNDM2M2JjN2M0YzAiOnsiY3JlYXRlIjo2MDAwMDAwMDAwMDAsImRlbGV0ZSI6MTIwMDAwMDAwMDAwMH0sInNjaGVtYV92ZXJzaW9uIjoiMSJ9",
          "dependencies": [
            "aws_vpc.dr"
          ]
        }
      ]
    },
    {
      "mode": "managed",
      "type": "aws_subnet",
      "name": "primary_public_a",
      "provider": "provider[\"registry.terraform.io/hashicorp/aws\"].primary",
      "instances": [
        {
          "schema_version": 1,
          "attributes": {
            "arn": "arn:aws:ec2:us-east-1:380270640472:subnet/subnet-03eeb60bbf4a9cea9",
            "assign_ipv6_address_on_creation": false,
            "availability_zone": "us-east-1a",
            "availability_zone_id": "use1-az1",
            "cidr_block": "10.0.1.0/24",
            "customer_owned_ipv4_pool": "",
            "enable_dns64": false,
            "enable_lni_at_device_index": 0,
            "enable_resource_name_dns_a_record_on_launch": false,
            "enable_resource_name_dns_aaaa_record_on_launch": false,
            "id": "subnet-03eeb60bbf4a9cea9",
            "ipv6_cidr_block": "",
            "ipv6_cidr_block_association_id": "",
            "ipv6_native": false,
            "map_customer_owned_ip_on_launch": false,
            "map_public_ip_on_launch": true,
            "outpost_arn": "",
            "owner_id": "380270640472",
            "private_dns_hostname_type_on_launch": "ip-name",
            "region": "us-east-1",
            "tags": {
              "Name": "primary-public-subnet-a"
            },
            "tags_all": {
              "Name": "primary-public-subnet-a"
            },
            "timeouts": null,
            "vpc_id": "vpc-08432e03696833950"
          },
          "sensitive_attributes": [],
          "identity_schema_version": 0,
          "identity": {
            "account_id": "380270640472",
            "id": "subnet-03eeb60bbf4a9cea9",
            "region": "us-east-1"
          },
          "private": "eyJlMmJmYjczMC1lY2FhLTExZTYtOGY4OC0zNDM2M2JjN2M0YzAiOnsiY3JlYXRlIjo2MDAwMDAwMDAwMDAsImRlbGV0ZSI6MTIwMDAwMDAwMDAwMH0sInNjaGVtYV92ZXJzaW9uIjoiMSJ9",
          "dependencies": [
            "aws_vpc.primary"
          ]
        }
      ]
    },
    {
      "mode": "managed",
      "type": "aws_subnet",
      "name": "primary_public_b",
      "provider": "provider[\"registry.terraform.io/hashicorp/aws\"].primary",
      "instances": [
        {
          "schema_version": 1,
          "attributes": {
            "arn": "arn:aws:ec2:us-east-1:380270640472:subnet/subnet-0d877d81136390ef9",
            "assign_ipv6_address_on_creation": false,
            "availability_zone": "us-east-1b",
            "availability_zone_id": "use1-az2",
            "cidr_block": "10.0.2.0/24",
            "customer_owned_ipv4_pool": "",
            "enable_dns64": false,
            "enable_lni_at_device_index": 0,
            "enable_resource_name_dns_a_record_on_launch": false,
            "enable_resource_name_dns_aaaa_record_on_launch": false,
            "id": "subnet-0d877d81136390ef9",
            "ipv6_cidr_block": "",
            "ipv6_cidr_block_association_id": "",
            "ipv6_native": false,
            "map_customer_owned_ip_on_launch": false,
            "map_public_ip_on_launch": true,
            "outpost_arn": "",
            "owner_id": "380270640472",
            "private_dns_hostname_type_on_launch": "ip-name",
            "region": "us-east-1",
            "tags": {
              "Name": "primary-public-subnet-b"
            },
            "tags_all": {
              "Name": "primary-public-subnet-b"
            },
            "timeouts": null,
            "vpc_id": "vpc-08432e03696833950"
          },
          "sensitive_attributes": [],
          "identity_schema_version": 0,
          "identity": {
            "account_id": "380270640472",
            "id": "subnet-0d877d81136390ef9",
            "region": "us-east-1"
          },
          "private": "eyJlMmJmYjczMC1lY2FhLTExZTYtOGY4OC0zNDM2M2JjN2M0YzAiOnsiY3JlYXRlIjo2MDAwMDAwMDAwMDAsImRlbGV0ZSI6MTIwMDAwMDAwMDAwMH0sInNjaGVtYV92ZXJzaW9uIjoiMSJ9",
          "dependencies": [
            "aws_vpc.primary"
          ]
        }
      ]
    },
    {
      "mode": "managed",
      "type": "aws_vpc",
      "name": "dr",
      "provider": "provider[\"registry.terraform.io/hashicorp/aws\"].dr",
      "instances": [
        {
          "schema_version": 1,
          "attributes": {
            "arn": "arn:aws:ec2:us-west-2:380270640472:vpc/vpc-07a113fc6466fd897",
            "assign_generated_ipv6_cidr_block": false,
            "cidr_block": "10.1.0.0/16",
            "default_network_acl_id": "acl-01b4efc91fd90ee2a",
            "default_route_table_id": "rtb-04b42cb153356124f",
            "default_security_group_id": "sg-053bd78fc13f706e3",
            "dhcp_options_id": "dopt-03b8d685b3f10408c",
            "enable_dns_hostnames": true,
            "enable_dns_support": true,
            "enable_network_address_usage_metrics": false,
            "id": "vpc-07a113fc6466fd897",
            "instance_tenancy": "default",
            "ipv4_ipam_pool_id": null,
            "ipv4_netmask_length": null,
            "ipv6_association_id": "",
            "ipv6_cidr_block": "",
            "ipv6_cidr_block_network_border_group": "",
            "ipv6_ipam_pool_id": "",
            "ipv6_netmask_length": 0,
            "main_route_table_id": "rtb-04b42cb153356124f",
            "owner_id": "380270640472",
            "region": "us-west-2",
            "tags": {
              "Name": "dr-vpc"
            },
            "tags_all": {
              "Name": "dr-vpc"
            }
          },
          "sensitive_attributes": [],
          "identity_schema_version": 0,
          "identity": {
            "account_id": "380270640472",
            "id": "vpc-07a113fc6466fd897",
            "region": "us-west-2"
          },
          "private": "eyJzY2hlbWFfdmVyc2lvbiI6IjEifQ=="
        }
      ]
    },
    {
      "mode": "managed",
      "type": "aws_vpc",
      "name": "primary",
      "provider": "provider[\"registry.terraform.io/hashicorp/aws\"].primary",
      "instances": [
        {
          "schema_version": 1,
          "attributes": {
            "arn": "arn:aws:ec2:us-east-1:380270640472:vpc/vpc-08432e03696833950",
            "assign_generated_ipv6_cidr_block": false,
            "cidr_block": "10.0.0.0/16",
            "default_network_acl_id": "acl-052612aacdd3c5afe",
            "default_route_table_id": "rtb-06ca8085690259b75",
            "default_security_group_id": "sg-04a66b6a232ecc1fa",
            "dhcp_options_id": "dopt-012ea19d6f9798f61",
            "enable_dns_hostnames": false,
            "enable_dns_support": true,
            "enable_network_address_usage_metrics": false,
            "id": "vpc-08432e03696833950",
            "instance_tenancy": "default",
            "ipv4_ipam_pool_id": null,
            "ipv4_netmask_length": null,
            "ipv6_association_id": "",
            "ipv6_cidr_block": "",
            "ipv6_cidr_block_network_border_group": "",
            "ipv6_ipam_pool_id": "",
            "ipv6_netmask_length": 0,
            "main_route_table_id": "rtb-06ca8085690259b75",
            "owner_id": "380270640472",
            "region": "us-east-1",
            "tags": {
              "Name": "primary-vpc"
            },
            "tags_all": {
              "Name": "primary-vpc"
            }
          },
          "sensitive_attributes": [],
          "identity_schema_version": 0,
          "identity": {
            "account_id": "380270640472",
            "id": "vpc-08432e03696833950",
            "region": "us-east-1"
          },
          "private": "eyJzY2hlbWFfdmVyc2lvbiI6IjEifQ=="
        }
      ]
    },
    {
      "mode": "managed",
      "type": "random_pet",
      "name": "bucket_name",
      "provider": "provider[\"registry.terraform.io/hashicorp/random\"]",
      "instances": [
        {
          "schema_version": 0,
          "attributes": {
            "id": "brave-moccasin",
            "keepers": null,
            "length": 2,
            "prefix": null,
            "separator": "-"
          },
          "sensitive_attributes": [],
          "identity_schema_version": 0
        }
      ]
    }
  ],
  "check_results": null
}
